// !$*UTF8*$!
{
	archiveVersion = 1;
	classes = {
	};
	objectVersion = 46;
	objects = {

/* Begin PBXBuildFile section */
		0A14A3F016AE6B5000688B51 /* inner_shadow.png in Resources */ = {isa = PBXBuildFile; fileRef = 0A14A3EE16AE6B5000688B51 /* inner_shadow.png */; };
		0A14A3F116AE6B5000688B51 /* inner_shadow@2x.png in Resources */ = {isa = PBXBuildFile; fileRef = 0A14A3EF16AE6B5000688B51 /* inner_shadow@2x.png */; };
		0A26060616BBBE0B009EF224 /* TRFeedbackViewController.m in Sources */ = {isa = PBXBuildFile; fileRef = 0A26060416BBBE0B009EF224 /* TRFeedbackViewController.m */; };
		0A26060916BBBE32009EF224 /* TRFeedbackViewController.xib in Resources */ = {isa = PBXBuildFile; fileRef = 0A26060816BBBE32009EF224 /* TRFeedbackViewController.xib */; };
		0A26061016BBD5AD009EF224 /* nux_streams.png in Resources */ = {isa = PBXBuildFile; fileRef = 0A26060C16BBD5AD009EF224 /* nux_streams.png */; };
		0A26061116BBD5AD009EF224 /* nux_streams@2x.png in Resources */ = {isa = PBXBuildFile; fileRef = 0A26060D16BBD5AD009EF224 /* nux_streams@2x.png */; };
		0A26061416BBDC6D009EF224 /* streamcell_selected.png in Resources */ = {isa = PBXBuildFile; fileRef = 0A26061216BBDC6D009EF224 /* streamcell_selected.png */; };
		0A26061516BBDC6D009EF224 /* streamcell_selected@2x.png in Resources */ = {isa = PBXBuildFile; fileRef = 0A26061316BBDC6D009EF224 /* streamcell_selected@2x.png */; };
		0A26061816BBE1DC009EF224 /* participantsCellBG_selected.png in Resources */ = {isa = PBXBuildFile; fileRef = 0A26061616BBE1DC009EF224 /* participantsCellBG_selected.png */; };
		0A26061916BBE1DC009EF224 /* participantsCellBG_selected@2x.png in Resources */ = {isa = PBXBuildFile; fileRef = 0A26061716BBE1DC009EF224 /* participantsCellBG_selected@2x.png */; };
		0A3890D41664AFC7002E8BC1 /* UIKit.framework in Frameworks */ = {isa = PBXBuildFile; fileRef = 0A3890D31664AFC7002E8BC1 /* UIKit.framework */; };
		0A3890D61664AFC7002E8BC1 /* Foundation.framework in Frameworks */ = {isa = PBXBuildFile; fileRef = 0A3890D51664AFC7002E8BC1 /* Foundation.framework */; };
		0A3890D81664AFC7002E8BC1 /* CoreGraphics.framework in Frameworks */ = {isa = PBXBuildFile; fileRef = 0A3890D71664AFC7002E8BC1 /* CoreGraphics.framework */; };
		0A3CEB5416884D9600305544 /* TRLikerListViewController.m in Sources */ = {isa = PBXBuildFile; fileRef = 0A3CEB5316884D9600305544 /* TRLikerListViewController.m */; };
		0A3CEB5616884DB300305544 /* TRLikerListViewController.xib in Resources */ = {isa = PBXBuildFile; fileRef = 0A3CEB5516884DB300305544 /* TRLikerListViewController.xib */; };
		0A457688167D4DBA00848D8E /* QuartzCore.framework in Frameworks */ = {isa = PBXBuildFile; fileRef = 0A457686167D4DAE00848D8E /* QuartzCore.framework */; };
		0A45768B167D59B400848D8E /* TRPhotoViewController.m in Sources */ = {isa = PBXBuildFile; fileRef = 0A45768A167D59B400848D8E /* TRPhotoViewController.m */; };
		0A45768D167D62AA00848D8E /* TRPhotoViewController.xib in Resources */ = {isa = PBXBuildFile; fileRef = 0A45768C167D62AA00848D8E /* TRPhotoViewController.xib */; };
		0A457690167D651900848D8E /* closex.png in Resources */ = {isa = PBXBuildFile; fileRef = 0A45768E167D651900848D8E /* closex.png */; };
		0A457691167D651900848D8E /* closex@2x.png in Resources */ = {isa = PBXBuildFile; fileRef = 0A45768F167D651900848D8E /* closex@2x.png */; };
		0A45769A167D7F5600848D8E /* heart_red_large.png in Resources */ = {isa = PBXBuildFile; fileRef = 0A457692167D7F5600848D8E /* heart_red_large.png */; };
		0A45769B167D7F5600848D8E /* heart_red_large@2x.png in Resources */ = {isa = PBXBuildFile; fileRef = 0A457693167D7F5600848D8E /* heart_red_large@2x.png */; };
		0A45769C167D7F5600848D8E /* heart_red_small.png in Resources */ = {isa = PBXBuildFile; fileRef = 0A457694167D7F5600848D8E /* heart_red_small.png */; };
		0A45769D167D7F5600848D8E /* heart_red_small@2x.png in Resources */ = {isa = PBXBuildFile; fileRef = 0A457695167D7F5600848D8E /* heart_red_small@2x.png */; };
		0A45769E167D7F5600848D8E /* heart_unlike_large.png in Resources */ = {isa = PBXBuildFile; fileRef = 0A457696167D7F5600848D8E /* heart_unlike_large.png */; };
		0A45769F167D7F5600848D8E /* heart_unlike_large@2x.png in Resources */ = {isa = PBXBuildFile; fileRef = 0A457697167D7F5600848D8E /* heart_unlike_large@2x.png */; };
		0A4576A0167D7F5600848D8E /* heart_white_small.png in Resources */ = {isa = PBXBuildFile; fileRef = 0A457698167D7F5600848D8E /* heart_white_small.png */; };
		0A4576A1167D7F5600848D8E /* heart_white_small@2x.png in Resources */ = {isa = PBXBuildFile; fileRef = 0A457699167D7F5600848D8E /* heart_white_small@2x.png */; };
		0A4C6C77167921E9002DD362 /* tableviewgrouped_bot.png in Resources */ = {isa = PBXBuildFile; fileRef = 0A4C6C71167921E9002DD362 /* tableviewgrouped_bot.png */; };
		0A4C6C78167921E9002DD362 /* tableviewgrouped_bot@2x.png in Resources */ = {isa = PBXBuildFile; fileRef = 0A4C6C72167921E9002DD362 /* tableviewgrouped_bot@2x.png */; };
		0A4C6C79167921E9002DD362 /* tableviewgrouped_cap.png in Resources */ = {isa = PBXBuildFile; fileRef = 0A4C6C73167921E9002DD362 /* tableviewgrouped_cap.png */; };
		0A4C6C7A167921E9002DD362 /* tableviewgrouped_cap@2x.png in Resources */ = {isa = PBXBuildFile; fileRef = 0A4C6C74167921E9002DD362 /* tableviewgrouped_cap@2x.png */; };
		0A4C6C7B167921E9002DD362 /* tableviewgrouped_top.png in Resources */ = {isa = PBXBuildFile; fileRef = 0A4C6C75167921E9002DD362 /* tableviewgrouped_top.png */; };
		0A4C6C7C167921E9002DD362 /* tableviewgrouped_top@2x.png in Resources */ = {isa = PBXBuildFile; fileRef = 0A4C6C76167921E9002DD362 /* tableviewgrouped_top@2x.png */; };
		0A4C6C8016792346002DD362 /* tableviewgrouped_mid.png in Resources */ = {isa = PBXBuildFile; fileRef = 0A4C6C7E16792346002DD362 /* tableviewgrouped_mid.png */; };
		0A4C6C8116792346002DD362 /* tableviewgrouped_mid@2x.png in Resources */ = {isa = PBXBuildFile; fileRef = 0A4C6C7F16792346002DD362 /* tableviewgrouped_mid@2x.png */; };
		0A4C6C84167924EA002DD362 /* TRTableViewCell.m in Sources */ = {isa = PBXBuildFile; fileRef = 0A4C6C83167924EA002DD362 /* TRTableViewCell.m */; };
		0A4C6C891679299C002DD362 /* TRTextFieldCell.xib in Resources */ = {isa = PBXBuildFile; fileRef = 0A4C6C881679299C002DD362 /* TRTextFieldCell.xib */; };
		0A4C6C8C167929D3002DD362 /* TRTextFieldCell.m in Sources */ = {isa = PBXBuildFile; fileRef = 0A4C6C8B167929C4002DD362 /* TRTextFieldCell.m */; };
		0A4C6C90167930B3002DD362 /* TRSignupViewController.m in Sources */ = {isa = PBXBuildFile; fileRef = 0A4C6C8E167930B2002DD362 /* TRSignupViewController.m */; };
		0A4C6C93167930D4002DD362 /* TRSignupViewController.xib in Resources */ = {isa = PBXBuildFile; fileRef = 0A4C6C92167930D4002DD362 /* TRSignupViewController.xib */; };
		0A4C6C96167935CF002DD362 /* navbaritem_orange.png in Resources */ = {isa = PBXBuildFile; fileRef = 0A4C6C94167935CF002DD362 /* navbaritem_orange.png */; };
		0A4C6C97167935CF002DD362 /* navbaritem_orange@2x.png in Resources */ = {isa = PBXBuildFile; fileRef = 0A4C6C95167935CF002DD362 /* navbaritem_orange@2x.png */; };
		0A4C6CAF16794C59002DD362 /* TRStreamViewController.m in Sources */ = {isa = PBXBuildFile; fileRef = 0A4C6CAD16794C59002DD362 /* TRStreamViewController.m */; };
		0A4C6CB5167952E9002DD362 /* TRStreamTableViewController.m in Sources */ = {isa = PBXBuildFile; fileRef = 0A4C6CB3167952E8002DD362 /* TRStreamTableViewController.m */; };
		0A4C6CB81679533D002DD362 /* TRStreamTableViewController.xib in Resources */ = {isa = PBXBuildFile; fileRef = 0A4C6CB71679533D002DD362 /* TRStreamTableViewController.xib */; };
		0A4C6CBB1679559E002DD362 /* TRStreamCell.m in Sources */ = {isa = PBXBuildFile; fileRef = 0A4C6CBA1679559E002DD362 /* TRStreamCell.m */; };
		0A4C6CBD167955D7002DD362 /* TRStreamCell.xib in Resources */ = {isa = PBXBuildFile; fileRef = 0A4C6CBC167955D6002DD362 /* TRStreamCell.xib */; };
		0A4C6CC0167956E4002DD362 /* streamcell.png in Resources */ = {isa = PBXBuildFile; fileRef = 0A4C6CBE167956E4002DD362 /* streamcell.png */; };
		0A4C6CC1167956E4002DD362 /* streamcell@2x.png in Resources */ = {isa = PBXBuildFile; fileRef = 0A4C6CBF167956E4002DD362 /* streamcell@2x.png */; };
		0A4C6CC516796772002DD362 /* TRNetwork.m in Sources */ = {isa = PBXBuildFile; fileRef = 0A4C6CC416796772002DD362 /* TRNetwork.m */; };
		0A4C6CC8167971B7002DD362 /* TRGraph.m in Sources */ = {isa = PBXBuildFile; fileRef = 0A4C6CC7167971B7002DD362 /* TRGraph.m */; };
		0A4C6CCB16797753002DD362 /* TRPhotoStream.m in Sources */ = {isa = PBXBuildFile; fileRef = 0A4C6CCA16797753002DD362 /* TRPhotoStream.m */; };
		0A4C6CCE16798A04002DD362 /* TRPhoto.m in Sources */ = {isa = PBXBuildFile; fileRef = 0A4C6CCD16798A04002DD362 /* TRPhoto.m */; };
		0A4C6CD116798AAF002DD362 /* TRUser.m in Sources */ = {isa = PBXBuildFile; fileRef = 0A4C6CD016798AAF002DD362 /* TRUser.m */; };
		0A4C6CD41679CB2B002DD362 /* TRImageView.m in Sources */ = {isa = PBXBuildFile; fileRef = 0A4C6CD31679CB2A002DD362 /* TRImageView.m */; };
		0A4C6CD71679CB58002DD362 /* TRImage.m in Sources */ = {isa = PBXBuildFile; fileRef = 0A4C6CD61679CB57002DD362 /* TRImage.m */; };
		0A4C6CE61679E777002DD362 /* TRPhotoStreamViewController.m in Sources */ = {isa = PBXBuildFile; fileRef = 0A4C6CE51679E777002DD362 /* TRPhotoStreamViewController.m */; };
		0A4D4B6416B0C9C10036C440 /* TRCommentsViewController.m in Sources */ = {isa = PBXBuildFile; fileRef = 0A4D4B6216B0C9C10036C440 /* TRCommentsViewController.m */; };
		0A4D4B6816B0C9FC0036C440 /* TRCommentsViewController.xib in Resources */ = {isa = PBXBuildFile; fileRef = 0A4D4B6716B0C9FC0036C440 /* TRCommentsViewController.xib */; };
		0A4D4B6D16B0CAAF0036C440 /* comments_gradient_bottom.png in Resources */ = {isa = PBXBuildFile; fileRef = 0A4D4B6916B0CAAF0036C440 /* comments_gradient_bottom.png */; };
		0A4D4B6E16B0CAAF0036C440 /* comments_gradient_bottom@2x.png in Resources */ = {isa = PBXBuildFile; fileRef = 0A4D4B6A16B0CAAF0036C440 /* comments_gradient_bottom@2x.png */; };
		0A4D4B6F16B0CAAF0036C440 /* comments_gradient_top.png in Resources */ = {isa = PBXBuildFile; fileRef = 0A4D4B6B16B0CAAF0036C440 /* comments_gradient_top.png */; };
		0A4D4B7016B0CAAF0036C440 /* comments_gradient_top@2x.png in Resources */ = {isa = PBXBuildFile; fileRef = 0A4D4B6C16B0CAAF0036C440 /* comments_gradient_top@2x.png */; };
		0A510AD7167842E000E2012F /* MuseoSans_500.otf in Resources */ = {isa = PBXBuildFile; fileRef = 0A510AD5167842E000E2012F /* MuseoSans_500.otf */; };
		0A510AD8167842E000E2012F /* MuseoSans-300.otf in Resources */ = {isa = PBXBuildFile; fileRef = 0A510AD6167842E000E2012F /* MuseoSans-300.otf */; };
		0A510AF616784B9F00E2012F /* TRLoginViewController.m in Sources */ = {isa = PBXBuildFile; fileRef = 0A510AF416784B9F00E2012F /* TRLoginViewController.m */; };
		0A510AFA16784BD500E2012F /* TRLoginViewController.xib in Resources */ = {isa = PBXBuildFile; fileRef = 0A510AF916784BD500E2012F /* TRLoginViewController.xib */; };
		0A510AFD1678598F00E2012F /* navbarbg.png in Resources */ = {isa = PBXBuildFile; fileRef = 0A510AFB1678598F00E2012F /* navbarbg.png */; };
		0A510AFE1678598F00E2012F /* navbarbg@2x.png in Resources */ = {isa = PBXBuildFile; fileRef = 0A510AFC1678598F00E2012F /* navbarbg@2x.png */; };
		0A510B0116785D7300E2012F /* navbarback.png in Resources */ = {isa = PBXBuildFile; fileRef = 0A510AFF16785D7300E2012F /* navbarback.png */; };
		0A510B0216785D7300E2012F /* navbarback@2x.png in Resources */ = {isa = PBXBuildFile; fileRef = 0A510B0016785D7300E2012F /* navbarback@2x.png */; };
		0A510B051678600D00E2012F /* navbaritem.png in Resources */ = {isa = PBXBuildFile; fileRef = 0A510B031678600D00E2012F /* navbaritem.png */; };
		0A510B061678600D00E2012F /* navbaritem@2x.png in Resources */ = {isa = PBXBuildFile; fileRef = 0A510B041678600D00E2012F /* navbaritem@2x.png */; };
		0A6276741682AE8900827101 /* TRStreamSetupViewController.m in Sources */ = {isa = PBXBuildFile; fileRef = 0A6276721682AE8900827101 /* TRStreamSetupViewController.m */; };
		0A6276781682AEC600827101 /* TRStreamSetupViewController.xib in Resources */ = {isa = PBXBuildFile; fileRef = 0A6276771682AEC600827101 /* TRStreamSetupViewController.xib */; };
		0A62767F1682BBC600827101 /* TRTokenField.m in Sources */ = {isa = PBXBuildFile; fileRef = 0A62767E1682BBC600827101 /* TRTokenField.m */; };
		0A6276861682C2DA00827101 /* token_container.png in Resources */ = {isa = PBXBuildFile; fileRef = 0A6276841682C2DA00827101 /* token_container.png */; };
		0A6276871682C2DA00827101 /* token_container@2x.png in Resources */ = {isa = PBXBuildFile; fileRef = 0A6276851682C2DA00827101 /* token_container@2x.png */; };
		0A62768A1682C5B800827101 /* add_token.png in Resources */ = {isa = PBXBuildFile; fileRef = 0A6276881682C5B800827101 /* add_token.png */; };
		0A62768B1682C5B800827101 /* add_token@2x.png in Resources */ = {isa = PBXBuildFile; fileRef = 0A6276891682C5B800827101 /* add_token@2x.png */; };
		0A6276951682CFF800827101 /* AddressBook.framework in Frameworks */ = {isa = PBXBuildFile; fileRef = 0A6276911682CFEC00827101 /* AddressBook.framework */; };
		0A6276961682CFF800827101 /* AddressBookUI.framework in Frameworks */ = {isa = PBXBuildFile; fileRef = 0A6276921682CFEC00827101 /* AddressBookUI.framework */; };
		0A6ADB6B1687A39D00A3C1AE /* remove_token.png in Resources */ = {isa = PBXBuildFile; fileRef = 0A6ADB691687A39D00A3C1AE /* remove_token.png */; };
		0A6ADB6C1687A39D00A3C1AE /* remove_token@2x.png in Resources */ = {isa = PBXBuildFile; fileRef = 0A6ADB6A1687A39D00A3C1AE /* remove_token@2x.png */; };
		0A6ADB751687AE2F00A3C1AE /* TRParticipantsViewController.m in Sources */ = {isa = PBXBuildFile; fileRef = 0A6ADB731687AE2F00A3C1AE /* TRParticipantsViewController.m */; };
		0A6ADB791687AE5700A3C1AE /* TRParticipantsViewController.xib in Resources */ = {isa = PBXBuildFile; fileRef = 0A6ADB781687AE5700A3C1AE /* TRParticipantsViewController.xib */; };
		0A6ADB7C1687B1A400A3C1AE /* TRParticipantCell.m in Sources */ = {isa = PBXBuildFile; fileRef = 0A6ADB7B1687B1A400A3C1AE /* TRParticipantCell.m */; };
		0A6ADB7E1687B2F200A3C1AE /* TRParticipantCell.xib in Resources */ = {isa = PBXBuildFile; fileRef = 0A6ADB7D1687B2F200A3C1AE /* TRParticipantCell.xib */; };
		0A6ADB811687B35400A3C1AE /* participantsCellBG.png in Resources */ = {isa = PBXBuildFile; fileRef = 0A6ADB7F1687B35400A3C1AE /* participantsCellBG.png */; };
		0A6ADB821687B35400A3C1AE /* participantsCellBG@2x.png in Resources */ = {isa = PBXBuildFile; fileRef = 0A6ADB801687B35400A3C1AE /* participantsCellBG@2x.png */; };
		0A92F67E1689012B00803DA1 /* empty_stream.png in Resources */ = {isa = PBXBuildFile; fileRef = 0A92F67C1689012B00803DA1 /* empty_stream.png */; };
		0A92F67F1689012B00803DA1 /* empty_stream@2x.png in Resources */ = {isa = PBXBuildFile; fileRef = 0A92F67D1689012B00803DA1 /* empty_stream@2x.png */; };
		0A92F6931689068400803DA1 /* libTestFlight.a in Frameworks */ = {isa = PBXBuildFile; fileRef = 0A92F6921689068400803DA1 /* libTestFlight.a */; };
		0A92F6951689069400803DA1 /* libz.dylib in Frameworks */ = {isa = PBXBuildFile; fileRef = 0A92F6941689069400803DA1 /* libz.dylib */; };
		0A9A8EE516B0F83500D85655 /* outline_button_bg.png in Resources */ = {isa = PBXBuildFile; fileRef = 0A9A8EE316B0F83500D85655 /* outline_button_bg.png */; };
		0A9A8EE616B0F83500D85655 /* outline_button_bg@2x.png in Resources */ = {isa = PBXBuildFile; fileRef = 0A9A8EE416B0F83500D85655 /* outline_button_bg@2x.png */; };
		0A9A8EE916B103C500D85655 /* TRCommentCell.xib in Resources */ = {isa = PBXBuildFile; fileRef = 0A9A8EE816B103C500D85655 /* TRCommentCell.xib */; };
		0A9A8EEC16B1052200D85655 /* TRCommentCell.m in Sources */ = {isa = PBXBuildFile; fileRef = 0A9A8EEB16B1052200D85655 /* TRCommentCell.m */; };
		0A9A8EEE16B109A200D85655 /* MuseoSans-100.otf in Resources */ = {isa = PBXBuildFile; fileRef = 0A9A8EED16B1060B00D85655 /* MuseoSans-100.otf */; };
		0AAE99751691963E0012B826 /* upload_placeholder.png in Resources */ = {isa = PBXBuildFile; fileRef = 0AAE99731691963E0012B826 /* upload_placeholder.png */; };
		0AAE99761691963E0012B826 /* upload_placeholder@2x.png in Resources */ = {isa = PBXBuildFile; fileRef = 0AAE99741691963E0012B826 /* upload_placeholder@2x.png */; };
		0AAE997B1691A0910012B826 /* progress_bar_bg.png in Resources */ = {isa = PBXBuildFile; fileRef = 0AAE99771691A0900012B826 /* progress_bar_bg.png */; };
		0AAE997C1691A0910012B826 /* progress_bar_bg@2x.png in Resources */ = {isa = PBXBuildFile; fileRef = 0AAE99781691A0900012B826 /* progress_bar_bg@2x.png */; };
		0AAE997D1691A0910012B826 /* progress_bar.png in Resources */ = {isa = PBXBuildFile; fileRef = 0AAE99791691A0900012B826 /* progress_bar.png */; };
		0AAE997E1691A0910012B826 /* progress_bar@2x.png in Resources */ = {isa = PBXBuildFile; fileRef = 0AAE997A1691A0900012B826 /* progress_bar@2x.png */; };
		0AB19B38167805900036E2BC /* iPadIcon.png in Resources */ = {isa = PBXBuildFile; fileRef = 0AB19B34167805900036E2BC /* iPadIcon.png */; };
		0AB19B39167805900036E2BC /* iPadIcon@2x.png in Resources */ = {isa = PBXBuildFile; fileRef = 0AB19B35167805900036E2BC /* iPadIcon@2x.png */; };
		0AB19B3A167805900036E2BC /* iPhoneIcon.png in Resources */ = {isa = PBXBuildFile; fileRef = 0AB19B36167805900036E2BC /* iPhoneIcon.png */; };
		0AB19B3B167805900036E2BC /* iPhoneIcon@2x.png in Resources */ = {isa = PBXBuildFile; fileRef = 0AB19B37167805900036E2BC /* iPhoneIcon@2x.png */; };
		0AB19B4E167812A20036E2BC /* orangebutton_normal.png in Resources */ = {isa = PBXBuildFile; fileRef = 0AB19B4A167812A20036E2BC /* orangebutton_normal.png */; };
		0AB19B4F167812A20036E2BC /* orangebutton_normal@2x.png in Resources */ = {isa = PBXBuildFile; fileRef = 0AB19B4B167812A20036E2BC /* orangebutton_normal@2x.png */; };
		0AB19B50167812A20036E2BC /* orangebutton_pressed.png in Resources */ = {isa = PBXBuildFile; fileRef = 0AB19B4C167812A20036E2BC /* orangebutton_pressed.png */; };
		0AB19B51167812A20036E2BC /* orangebutton_pressed@2x.png in Resources */ = {isa = PBXBuildFile; fileRef = 0AB19B4D167812A20036E2BC /* orangebutton_pressed@2x.png */; };
		0AB19B571678141F0036E2BC /* TRSplashViewController.m in Sources */ = {isa = PBXBuildFile; fileRef = 0AB19B551678141F0036E2BC /* TRSplashViewController.m */; };
		0AB19B5A167814390036E2BC /* TRSplashViewController.xib in Resources */ = {isa = PBXBuildFile; fileRef = 0AB19B59167814390036E2BC /* TRSplashViewController.xib */; };
		0AB19B6016781CC20036E2BC /* MuseoSans_700.otf in Resources */ = {isa = PBXBuildFile; fileRef = 0AB19B5F16781C8B0036E2BC /* MuseoSans_700.otf */; };
		0AB19B6516781F240036E2BC /* blackbutton_normal.png in Resources */ = {isa = PBXBuildFile; fileRef = 0AB19B6116781F240036E2BC /* blackbutton_normal.png */; };
		0AB19B6616781F240036E2BC /* blackbutton_normal@2x.png in Resources */ = {isa = PBXBuildFile; fileRef = 0AB19B6216781F240036E2BC /* blackbutton_normal@2x.png */; };
		0AB19B6716781F240036E2BC /* blackbutton_pressed.png in Resources */ = {isa = PBXBuildFile; fileRef = 0AB19B6316781F240036E2BC /* blackbutton_pressed.png */; };
		0AB19B6816781F240036E2BC /* blackbutton_pressed@2x.png in Resources */ = {isa = PBXBuildFile; fileRef = 0AB19B6416781F240036E2BC /* blackbutton_pressed@2x.png */; };
		0AB19B6B167822A00036E2BC /* logo.png in Resources */ = {isa = PBXBuildFile; fileRef = 0AB19B69167822A00036E2BC /* logo.png */; };
		0AB19B6C167822A00036E2BC /* logo@2x.png in Resources */ = {isa = PBXBuildFile; fileRef = 0AB19B6A167822A00036E2BC /* logo@2x.png */; };
		0ABAAE97167A674400DD9A8B /* TRPhotoStreamViewController.xib in Resources */ = {isa = PBXBuildFile; fileRef = 0ABAAE96167A674400DD9A8B /* TRPhotoStreamViewController.xib */; };
		0ADF457B1664B14100E0C0FA /* InfoPlist.strings in Resources */ = {isa = PBXBuildFile; fileRef = 0ADF45791664B14100E0C0FA /* InfoPlist.strings */; };
		0ADF457F1664B14C00E0C0FA /* Default-568h@2x.png in Resources */ = {isa = PBXBuildFile; fileRef = 0ADF457C1664B14C00E0C0FA /* Default-568h@2x.png */; };
		0ADF45801664B14C00E0C0FA /* Default.png in Resources */ = {isa = PBXBuildFile; fileRef = 0ADF457D1664B14C00E0C0FA /* Default.png */; };
		0ADF45811664B14C00E0C0FA /* Default@2x.png in Resources */ = {isa = PBXBuildFile; fileRef = 0ADF457E1664B14C00E0C0FA /* Default@2x.png */; };
		0ADF45861664B15100E0C0FA /* main.m in Sources */ = {isa = PBXBuildFile; fileRef = 0ADF45831664B15100E0C0FA /* main.m */; };
		0ADF45891664B15C00E0C0FA /* TRAppDelegate.m in Sources */ = {isa = PBXBuildFile; fileRef = 0ADF45881664B15C00E0C0FA /* TRAppDelegate.m */; };
		0AF3B4C316B06C3F0034AB0A /* delete_icon.png in Resources */ = {isa = PBXBuildFile; fileRef = 0AF3B4C116B06C3F0034AB0A /* delete_icon.png */; };
		0AF3B4C416B06C3F0034AB0A /* delete_icon@2x.png in Resources */ = {isa = PBXBuildFile; fileRef = 0AF3B4C216B06C3F0034AB0A /* delete_icon@2x.png */; };
		0AF3B4D816B07CA00034AB0A /* comment_white_small.png in Resources */ = {isa = PBXBuildFile; fileRef = 0AF3B4D616B07CA00034AB0A /* comment_white_small.png */; };
		0AF3B4D916B07CA00034AB0A /* comment_white_small@2x.png in Resources */ = {isa = PBXBuildFile; fileRef = 0AF3B4D716B07CA00034AB0A /* comment_white_small@2x.png */; };
		0AF7A1DB167AAFA40040023D /* view_participants_highlighted@2x.png in Resources */ = {isa = PBXBuildFile; fileRef = 0AF7A1D9167AAFA40040023D /* view_participants_highlighted@2x.png */; };
		0AF7A1DC167AAFA40040023D /* view_participants_normal@2x.png in Resources */ = {isa = PBXBuildFile; fileRef = 0AF7A1DA167AAFA40040023D /* view_participants_normal@2x.png */; };
		0AF7A1E0167AB01A0040023D /* view_participants_highlighted.png in Resources */ = {isa = PBXBuildFile; fileRef = 0AF7A1DE167AB01A0040023D /* view_participants_highlighted.png */; };
		0AF7A1E1167AB01A0040023D /* view_participants_normal.png in Resources */ = {isa = PBXBuildFile; fileRef = 0AF7A1DF167AB01A0040023D /* view_participants_normal.png */; };
		0AF7A1E4167AB1570040023D /* navbaritem_highlighted.png in Resources */ = {isa = PBXBuildFile; fileRef = 0AF7A1E2167AB1570040023D /* navbaritem_highlighted.png */; };
		0AF7A1E5167AB1570040023D /* navbaritem_highlighted@2x.png in Resources */ = {isa = PBXBuildFile; fileRef = 0AF7A1E3167AB1570040023D /* navbaritem_highlighted@2x.png */; };
		0AF7A1E8167AB27C0040023D /* navbarback_highlighted.png in Resources */ = {isa = PBXBuildFile; fileRef = 0AF7A1E6167AB27C0040023D /* navbarback_highlighted.png */; };
		0AF7A1E9167AB27C0040023D /* navbarback_highlighted@2x.png in Resources */ = {isa = PBXBuildFile; fileRef = 0AF7A1E7167AB27C0040023D /* navbarback_highlighted@2x.png */; };
		0AF7A1EC167AB6280040023D /* navbaritem_orange_highlighted.png in Resources */ = {isa = PBXBuildFile; fileRef = 0AF7A1EA167AB6280040023D /* navbaritem_orange_highlighted.png */; };
		0AF7A1ED167AB6280040023D /* navbaritem_orange_highlighted@2x.png in Resources */ = {isa = PBXBuildFile; fileRef = 0AF7A1EB167AB6280040023D /* navbaritem_orange_highlighted@2x.png */; };
		0AF7A1F0167ADC080040023D /* participants.png in Resources */ = {isa = PBXBuildFile; fileRef = 0AF7A1EE167ADC080040023D /* participants.png */; };
		0AF7A1F1167ADC080040023D /* participants@2x.png in Resources */ = {isa = PBXBuildFile; fileRef = 0AF7A1EF167ADC080040023D /* participants@2x.png */; };
		0AF7A1F3167B01B40040023D /* TRStreamGridViewCell.xib in Resources */ = {isa = PBXBuildFile; fileRef = 0AF7A1F2167B01B40040023D /* TRStreamGridViewCell.xib */; };
		0AF7A1F6167B2D450040023D /* TRStreamGridViewCell.m in Sources */ = {isa = PBXBuildFile; fileRef = 0AF7A1F5167B2D440040023D /* TRStreamGridViewCell.m */; };
/* End PBXBuildFile section */

/* Begin PBXFileReference section */
		0A14A3EE16AE6B5000688B51 /* inner_shadow.png */ = {isa = PBXFileReference; lastKnownFileType = image.png; name = inner_shadow.png; path = img/UI/inner_shadow.png; sourceTree = "<group>"; };
		0A14A3EF16AE6B5000688B51 /* inner_shadow@2x.png */ = {isa = PBXFileReference; lastKnownFileType = image.png; name = "inner_shadow@2x.png"; path = "img/UI/inner_shadow@2x.png"; sourceTree = "<group>"; };
		0A26060316BBBE0B009EF224 /* TRFeedbackViewController.h */ = {isa = PBXFileReference; fileEncoding = 4; lastKnownFileType = sourcecode.c.h; name = TRFeedbackViewController.h; path = src/view/TRFeedbackViewController.h; sourceTree = "<group>"; };
		0A26060416BBBE0B009EF224 /* TRFeedbackViewController.m */ = {isa = PBXFileReference; fileEncoding = 4; lastKnownFileType = sourcecode.c.objc; name = TRFeedbackViewController.m; path = src/view/TRFeedbackViewController.m; sourceTree = "<group>"; };
		0A26060816BBBE32009EF224 /* TRFeedbackViewController.xib */ = {isa = PBXFileReference; fileEncoding = 4; lastKnownFileType = file.xib; name = TRFeedbackViewController.xib; path = gui/TRFeedbackViewController.xib; sourceTree = "<group>"; };
		0A26060C16BBD5AD009EF224 /* nux_streams.png */ = {isa = PBXFileReference; lastKnownFileType = image.png; name = nux_streams.png; path = img/UI/nux_streams.png; sourceTree = "<group>"; };
		0A26060D16BBD5AD009EF224 /* nux_streams@2x.png */ = {isa = PBXFileReference; lastKnownFileType = image.png; name = "nux_streams@2x.png"; path = "img/UI/nux_streams@2x.png"; sourceTree = "<group>"; };
		0A26061216BBDC6D009EF224 /* streamcell_selected.png */ = {isa = PBXFileReference; lastKnownFileType = image.png; name = streamcell_selected.png; path = img/UI/streamcell_selected.png; sourceTree = "<group>"; };
		0A26061316BBDC6D009EF224 /* streamcell_selected@2x.png */ = {isa = PBXFileReference; lastKnownFileType = image.png; name = "streamcell_selected@2x.png"; path = "img/UI/streamcell_selected@2x.png"; sourceTree = "<group>"; };
		0A26061616BBE1DC009EF224 /* participantsCellBG_selected.png */ = {isa = PBXFileReference; lastKnownFileType = image.png; name = participantsCellBG_selected.png; path = img/UI/participantsCellBG_selected.png; sourceTree = "<group>"; };
		0A26061716BBE1DC009EF224 /* participantsCellBG_selected@2x.png */ = {isa = PBXFileReference; lastKnownFileType = image.png; name = "participantsCellBG_selected@2x.png"; path = "img/UI/participantsCellBG_selected@2x.png"; sourceTree = "<group>"; };
		0A3890CF1664AFC7002E8BC1 /* Stream.app */ = {isa = PBXFileReference; explicitFileType = wrapper.application; includeInIndex = 0; path = Stream.app; sourceTree = BUILT_PRODUCTS_DIR; };
		0A3890D31664AFC7002E8BC1 /* UIKit.framework */ = {isa = PBXFileReference; lastKnownFileType = wrapper.framework; name = UIKit.framework; path = System/Library/Frameworks/UIKit.framework; sourceTree = SDKROOT; };
		0A3890D51664AFC7002E8BC1 /* Foundation.framework */ = {isa = PBXFileReference; lastKnownFileType = wrapper.framework; name = Foundation.framework; path = System/Library/Frameworks/Foundation.framework; sourceTree = SDKROOT; };
		0A3890D71664AFC7002E8BC1 /* CoreGraphics.framework */ = {isa = PBXFileReference; lastKnownFileType = wrapper.framework; name = CoreGraphics.framework; path = System/Library/Frameworks/CoreGraphics.framework; sourceTree = SDKROOT; };
		0A3CEB5216884D9600305544 /* TRLikerListViewController.h */ = {isa = PBXFileReference; fileEncoding = 4; lastKnownFileType = sourcecode.c.h; name = TRLikerListViewController.h; path = src/view/TRLikerListViewController.h; sourceTree = "<group>"; };
		0A3CEB5316884D9600305544 /* TRLikerListViewController.m */ = {isa = PBXFileReference; fileEncoding = 4; lastKnownFileType = sourcecode.c.objc; name = TRLikerListViewController.m; path = src/view/TRLikerListViewController.m; sourceTree = "<group>"; };
		0A3CEB5516884DB300305544 /* TRLikerListViewController.xib */ = {isa = PBXFileReference; fileEncoding = 4; lastKnownFileType = file.xib; name = TRLikerListViewController.xib; path = gui/TRLikerListViewController.xib; sourceTree = "<group>"; };
		0A457686167D4DAE00848D8E /* QuartzCore.framework */ = {isa = PBXFileReference; lastKnownFileType = wrapper.framework; name = QuartzCore.framework; path = System/Library/Frameworks/QuartzCore.framework; sourceTree = SDKROOT; };
		0A457689167D59B400848D8E /* TRPhotoViewController.h */ = {isa = PBXFileReference; fileEncoding = 4; lastKnownFileType = sourcecode.c.h; name = TRPhotoViewController.h; path = src/view/TRPhotoViewController.h; sourceTree = "<group>"; };
		0A45768A167D59B400848D8E /* TRPhotoViewController.m */ = {isa = PBXFileReference; fileEncoding = 4; lastKnownFileType = sourcecode.c.objc; name = TRPhotoViewController.m; path = src/view/TRPhotoViewController.m; sourceTree = "<group>"; };
		0A45768C167D62AA00848D8E /* TRPhotoViewController.xib */ = {isa = PBXFileReference; fileEncoding = 4; lastKnownFileType = file.xib; name = TRPhotoViewController.xib; path = gui/TRPhotoViewController.xib; sourceTree = "<group>"; };
		0A45768E167D651900848D8E /* closex.png */ = {isa = PBXFileReference; lastKnownFileType = image.png; name = closex.png; path = img/UI/closex.png; sourceTree = "<group>"; };
		0A45768F167D651900848D8E /* closex@2x.png */ = {isa = PBXFileReference; lastKnownFileType = image.png; name = "closex@2x.png"; path = "img/UI/closex@2x.png"; sourceTree = "<group>"; };
		0A457692167D7F5600848D8E /* heart_red_large.png */ = {isa = PBXFileReference; lastKnownFileType = image.png; name = heart_red_large.png; path = img/UI/heart_red_large.png; sourceTree = "<group>"; };
		0A457693167D7F5600848D8E /* heart_red_large@2x.png */ = {isa = PBXFileReference; lastKnownFileType = image.png; name = "heart_red_large@2x.png"; path = "img/UI/heart_red_large@2x.png"; sourceTree = "<group>"; };
		0A457694167D7F5600848D8E /* heart_red_small.png */ = {isa = PBXFileReference; lastKnownFileType = image.png; name = heart_red_small.png; path = img/UI/heart_red_small.png; sourceTree = "<group>"; };
		0A457695167D7F5600848D8E /* heart_red_small@2x.png */ = {isa = PBXFileReference; lastKnownFileType = image.png; name = "heart_red_small@2x.png"; path = "img/UI/heart_red_small@2x.png"; sourceTree = "<group>"; };
		0A457696167D7F5600848D8E /* heart_unlike_large.png */ = {isa = PBXFileReference; lastKnownFileType = image.png; name = heart_unlike_large.png; path = img/UI/heart_unlike_large.png; sourceTree = "<group>"; };
		0A457697167D7F5600848D8E /* heart_unlike_large@2x.png */ = {isa = PBXFileReference; lastKnownFileType = image.png; name = "heart_unlike_large@2x.png"; path = "img/UI/heart_unlike_large@2x.png"; sourceTree = "<group>"; };
		0A457698167D7F5600848D8E /* heart_white_small.png */ = {isa = PBXFileReference; lastKnownFileType = image.png; name = heart_white_small.png; path = img/UI/heart_white_small.png; sourceTree = "<group>"; };
		0A457699167D7F5600848D8E /* heart_white_small@2x.png */ = {isa = PBXFileReference; lastKnownFileType = image.png; name = "heart_white_small@2x.png"; path = "img/UI/heart_white_small@2x.png"; sourceTree = "<group>"; };
		0A4C6C71167921E9002DD362 /* tableviewgrouped_bot.png */ = {isa = PBXFileReference; lastKnownFileType = image.png; name = tableviewgrouped_bot.png; path = img/UI/tableviewgrouped_bot.png; sourceTree = "<group>"; };
		0A4C6C72167921E9002DD362 /* tableviewgrouped_bot@2x.png */ = {isa = PBXFileReference; lastKnownFileType = image.png; name = "tableviewgrouped_bot@2x.png"; path = "img/UI/tableviewgrouped_bot@2x.png"; sourceTree = "<group>"; };
		0A4C6C73167921E9002DD362 /* tableviewgrouped_cap.png */ = {isa = PBXFileReference; lastKnownFileType = image.png; name = tableviewgrouped_cap.png; path = img/UI/tableviewgrouped_cap.png; sourceTree = "<group>"; };
		0A4C6C74167921E9002DD362 /* tableviewgrouped_cap@2x.png */ = {isa = PBXFileReference; lastKnownFileType = image.png; name = "tableviewgrouped_cap@2x.png"; path = "img/UI/tableviewgrouped_cap@2x.png"; sourceTree = "<group>"; };
		0A4C6C75167921E9002DD362 /* tableviewgrouped_top.png */ = {isa = PBXFileReference; lastKnownFileType = image.png; name = tableviewgrouped_top.png; path = img/UI/tableviewgrouped_top.png; sourceTree = "<group>"; };
		0A4C6C76167921E9002DD362 /* tableviewgrouped_top@2x.png */ = {isa = PBXFileReference; lastKnownFileType = image.png; name = "tableviewgrouped_top@2x.png"; path = "img/UI/tableviewgrouped_top@2x.png"; sourceTree = "<group>"; };
		0A4C6C7E16792346002DD362 /* tableviewgrouped_mid.png */ = {isa = PBXFileReference; lastKnownFileType = image.png; name = tableviewgrouped_mid.png; path = img/UI/tableviewgrouped_mid.png; sourceTree = "<group>"; };
		0A4C6C7F16792346002DD362 /* tableviewgrouped_mid@2x.png */ = {isa = PBXFileReference; lastKnownFileType = image.png; name = "tableviewgrouped_mid@2x.png"; path = "img/UI/tableviewgrouped_mid@2x.png"; sourceTree = "<group>"; };
		0A4C6C82167924EA002DD362 /* TRTableViewCell.h */ = {isa = PBXFileReference; fileEncoding = 4; lastKnownFileType = sourcecode.c.h; name = TRTableViewCell.h; path = src/view/TRTableViewCell.h; sourceTree = "<group>"; };
		0A4C6C83167924EA002DD362 /* TRTableViewCell.m */ = {isa = PBXFileReference; fileEncoding = 4; lastKnownFileType = sourcecode.c.objc; name = TRTableViewCell.m; path = src/view/TRTableViewCell.m; sourceTree = "<group>"; };
		0A4C6C881679299C002DD362 /* TRTextFieldCell.xib */ = {isa = PBXFileReference; fileEncoding = 4; lastKnownFileType = file.xib; name = TRTextFieldCell.xib; path = gui/TRTextFieldCell.xib; sourceTree = "<group>"; };
		0A4C6C8A167929C4002DD362 /* TRTextFieldCell.h */ = {isa = PBXFileReference; lastKnownFileType = sourcecode.c.h; name = TRTextFieldCell.h; path = src/view/TRTextFieldCell.h; sourceTree = "<group>"; };
		0A4C6C8B167929C4002DD362 /* TRTextFieldCell.m */ = {isa = PBXFileReference; lastKnownFileType = sourcecode.c.objc; name = TRTextFieldCell.m; path = src/view/TRTextFieldCell.m; sourceTree = "<group>"; };
		0A4C6C8D167930B2002DD362 /* TRSignupViewController.h */ = {isa = PBXFileReference; fileEncoding = 4; lastKnownFileType = sourcecode.c.h; name = TRSignupViewController.h; path = src/view/TRSignupViewController.h; sourceTree = "<group>"; };
		0A4C6C8E167930B2002DD362 /* TRSignupViewController.m */ = {isa = PBXFileReference; fileEncoding = 4; lastKnownFileType = sourcecode.c.objc; name = TRSignupViewController.m; path = src/view/TRSignupViewController.m; sourceTree = "<group>"; };
		0A4C6C92167930D4002DD362 /* TRSignupViewController.xib */ = {isa = PBXFileReference; fileEncoding = 4; lastKnownFileType = file.xib; name = TRSignupViewController.xib; path = gui/TRSignupViewController.xib; sourceTree = "<group>"; };
		0A4C6C94167935CF002DD362 /* navbaritem_orange.png */ = {isa = PBXFileReference; lastKnownFileType = image.png; name = navbaritem_orange.png; path = img/UI/navbaritem_orange.png; sourceTree = "<group>"; };
		0A4C6C95167935CF002DD362 /* navbaritem_orange@2x.png */ = {isa = PBXFileReference; lastKnownFileType = image.png; name = "navbaritem_orange@2x.png"; path = "img/UI/navbaritem_orange@2x.png"; sourceTree = "<group>"; };
		0A4C6CAC16794C59002DD362 /* TRStreamViewController.h */ = {isa = PBXFileReference; fileEncoding = 4; lastKnownFileType = sourcecode.c.h; name = TRStreamViewController.h; path = src/view/TRStreamViewController.h; sourceTree = "<group>"; };
		0A4C6CAD16794C59002DD362 /* TRStreamViewController.m */ = {isa = PBXFileReference; fileEncoding = 4; lastKnownFileType = sourcecode.c.objc; name = TRStreamViewController.m; path = src/view/TRStreamViewController.m; sourceTree = "<group>"; };
		0A4C6CB2167952E8002DD362 /* TRStreamTableViewController.h */ = {isa = PBXFileReference; fileEncoding = 4; lastKnownFileType = sourcecode.c.h; name = TRStreamTableViewController.h; path = src/view/TRStreamTableViewController.h; sourceTree = "<group>"; };
		0A4C6CB3167952E8002DD362 /* TRStreamTableViewController.m */ = {isa = PBXFileReference; fileEncoding = 4; lastKnownFileType = sourcecode.c.objc; name = TRStreamTableViewController.m; path = src/view/TRStreamTableViewController.m; sourceTree = "<group>"; };
		0A4C6CB71679533D002DD362 /* TRStreamTableViewController.xib */ = {isa = PBXFileReference; fileEncoding = 4; lastKnownFileType = file.xib; name = TRStreamTableViewController.xib; path = gui/TRStreamTableViewController.xib; sourceTree = "<group>"; };
		0A4C6CB91679559E002DD362 /* TRStreamCell.h */ = {isa = PBXFileReference; fileEncoding = 4; lastKnownFileType = sourcecode.c.h; name = TRStreamCell.h; path = src/view/TRStreamCell.h; sourceTree = "<group>"; };
		0A4C6CBA1679559E002DD362 /* TRStreamCell.m */ = {isa = PBXFileReference; fileEncoding = 4; lastKnownFileType = sourcecode.c.objc; name = TRStreamCell.m; path = src/view/TRStreamCell.m; sourceTree = "<group>"; };
		0A4C6CBC167955D6002DD362 /* TRStreamCell.xib */ = {isa = PBXFileReference; fileEncoding = 4; lastKnownFileType = file.xib; name = TRStreamCell.xib; path = gui/TRStreamCell.xib; sourceTree = "<group>"; };
		0A4C6CBE167956E4002DD362 /* streamcell.png */ = {isa = PBXFileReference; lastKnownFileType = image.png; name = streamcell.png; path = img/UI/streamcell.png; sourceTree = "<group>"; };
		0A4C6CBF167956E4002DD362 /* streamcell@2x.png */ = {isa = PBXFileReference; lastKnownFileType = image.png; name = "streamcell@2x.png"; path = "img/UI/streamcell@2x.png"; sourceTree = "<group>"; };
		0A4C6CC316796772002DD362 /* TRNetwork.h */ = {isa = PBXFileReference; fileEncoding = 4; lastKnownFileType = sourcecode.c.h; name = TRNetwork.h; path = src/model/TRNetwork.h; sourceTree = "<group>"; };
		0A4C6CC416796772002DD362 /* TRNetwork.m */ = {isa = PBXFileReference; fileEncoding = 4; lastKnownFileType = sourcecode.c.objc; name = TRNetwork.m; path = src/model/TRNetwork.m; sourceTree = "<group>"; };
		0A4C6CC6167971B7002DD362 /* TRGraph.h */ = {isa = PBXFileReference; fileEncoding = 4; lastKnownFileType = sourcecode.c.h; name = TRGraph.h; path = src/model/TRGraph.h; sourceTree = "<group>"; };
		0A4C6CC7167971B7002DD362 /* TRGraph.m */ = {isa = PBXFileReference; fileEncoding = 4; lastKnownFileType = sourcecode.c.objc; name = TRGraph.m; path = src/model/TRGraph.m; sourceTree = "<group>"; };
		0A4C6CC916797753002DD362 /* TRPhotoStream.h */ = {isa = PBXFileReference; fileEncoding = 4; lastKnownFileType = sourcecode.c.h; name = TRPhotoStream.h; path = src/model/TRPhotoStream.h; sourceTree = "<group>"; };
		0A4C6CCA16797753002DD362 /* TRPhotoStream.m */ = {isa = PBXFileReference; fileEncoding = 4; lastKnownFileType = sourcecode.c.objc; name = TRPhotoStream.m; path = src/model/TRPhotoStream.m; sourceTree = "<group>"; };
		0A4C6CCC16798A04002DD362 /* TRPhoto.h */ = {isa = PBXFileReference; fileEncoding = 4; lastKnownFileType = sourcecode.c.h; name = TRPhoto.h; path = src/model/TRPhoto.h; sourceTree = "<group>"; };
		0A4C6CCD16798A04002DD362 /* TRPhoto.m */ = {isa = PBXFileReference; fileEncoding = 4; lastKnownFileType = sourcecode.c.objc; name = TRPhoto.m; path = src/model/TRPhoto.m; sourceTree = "<group>"; };
		0A4C6CCF16798AAE002DD362 /* TRUser.h */ = {isa = PBXFileReference; fileEncoding = 4; lastKnownFileType = sourcecode.c.h; name = TRUser.h; path = src/model/TRUser.h; sourceTree = "<group>"; };
		0A4C6CD016798AAF002DD362 /* TRUser.m */ = {isa = PBXFileReference; fileEncoding = 4; lastKnownFileType = sourcecode.c.objc; name = TRUser.m; path = src/model/TRUser.m; sourceTree = "<group>"; };
		0A4C6CD21679CB2A002DD362 /* TRImageView.h */ = {isa = PBXFileReference; fileEncoding = 4; lastKnownFileType = sourcecode.c.h; name = TRImageView.h; path = src/view/TRImageView.h; sourceTree = "<group>"; };
		0A4C6CD31679CB2A002DD362 /* TRImageView.m */ = {isa = PBXFileReference; fileEncoding = 4; lastKnownFileType = sourcecode.c.objc; name = TRImageView.m; path = src/view/TRImageView.m; sourceTree = "<group>"; };
		0A4C6CD51679CB57002DD362 /* TRImage.h */ = {isa = PBXFileReference; fileEncoding = 4; lastKnownFileType = sourcecode.c.h; name = TRImage.h; path = src/model/TRImage.h; sourceTree = "<group>"; };
		0A4C6CD61679CB57002DD362 /* TRImage.m */ = {isa = PBXFileReference; fileEncoding = 4; lastKnownFileType = sourcecode.c.objc; name = TRImage.m; path = src/model/TRImage.m; sourceTree = "<group>"; };
		0A4C6CE41679E777002DD362 /* TRPhotoStreamViewController.h */ = {isa = PBXFileReference; fileEncoding = 4; lastKnownFileType = sourcecode.c.h; name = TRPhotoStreamViewController.h; path = src/view/TRPhotoStreamViewController.h; sourceTree = "<group>"; };
		0A4C6CE51679E777002DD362 /* TRPhotoStreamViewController.m */ = {isa = PBXFileReference; fileEncoding = 4; lastKnownFileType = sourcecode.c.objc; name = TRPhotoStreamViewController.m; path = src/view/TRPhotoStreamViewController.m; sourceTree = "<group>"; };
		0A4D4B6116B0C9C10036C440 /* TRCommentsViewController.h */ = {isa = PBXFileReference; fileEncoding = 4; lastKnownFileType = sourcecode.c.h; name = TRCommentsViewController.h; path = src/view/TRCommentsViewController.h; sourceTree = "<group>"; };
		0A4D4B6216B0C9C10036C440 /* TRCommentsViewController.m */ = {isa = PBXFileReference; fileEncoding = 4; lastKnownFileType = sourcecode.c.objc; name = TRCommentsViewController.m; path = src/view/TRCommentsViewController.m; sourceTree = "<group>"; };
		0A4D4B6716B0C9FC0036C440 /* TRCommentsViewController.xib */ = {isa = PBXFileReference; fileEncoding = 4; lastKnownFileType = file.xib; name = TRCommentsViewController.xib; path = gui/TRCommentsViewController.xib; sourceTree = "<group>"; };
		0A4D4B6916B0CAAF0036C440 /* comments_gradient_bottom.png */ = {isa = PBXFileReference; lastKnownFileType = image.png; name = comments_gradient_bottom.png; path = img/UI/comments_gradient_bottom.png; sourceTree = "<group>"; };
		0A4D4B6A16B0CAAF0036C440 /* comments_gradient_bottom@2x.png */ = {isa = PBXFileReference; lastKnownFileType = image.png; name = "comments_gradient_bottom@2x.png"; path = "img/UI/comments_gradient_bottom@2x.png"; sourceTree = "<group>"; };
		0A4D4B6B16B0CAAF0036C440 /* comments_gradient_top.png */ = {isa = PBXFileReference; lastKnownFileType = image.png; name = comments_gradient_top.png; path = img/UI/comments_gradient_top.png; sourceTree = "<group>"; };
		0A4D4B6C16B0CAAF0036C440 /* comments_gradient_top@2x.png */ = {isa = PBXFileReference; lastKnownFileType = image.png; name = "comments_gradient_top@2x.png"; path = "img/UI/comments_gradient_top@2x.png"; sourceTree = "<group>"; };
		0A510AD5167842E000E2012F /* MuseoSans_500.otf */ = {isa = PBXFileReference; lastKnownFileType = file; name = MuseoSans_500.otf; path = img/Fonts/MuseoSans_500.otf; sourceTree = "<group>"; };
		0A510AD6167842E000E2012F /* MuseoSans-300.otf */ = {isa = PBXFileReference; lastKnownFileType = file; name = "MuseoSans-300.otf"; path = "img/Fonts/MuseoSans-300.otf"; sourceTree = "<group>"; };
		0A510AF316784B9F00E2012F /* TRLoginViewController.h */ = {isa = PBXFileReference; fileEncoding = 4; lastKnownFileType = sourcecode.c.h; name = TRLoginViewController.h; path = src/view/TRLoginViewController.h; sourceTree = "<group>"; };
		0A510AF416784B9F00E2012F /* TRLoginViewController.m */ = {isa = PBXFileReference; fileEncoding = 4; lastKnownFileType = sourcecode.c.objc; name = TRLoginViewController.m; path = src/view/TRLoginViewController.m; sourceTree = "<group>"; };
		0A510AF916784BD500E2012F /* TRLoginViewController.xib */ = {isa = PBXFileReference; fileEncoding = 4; lastKnownFileType = file.xib; name = TRLoginViewController.xib; path = gui/TRLoginViewController.xib; sourceTree = "<group>"; };
		0A510AFB1678598F00E2012F /* navbarbg.png */ = {isa = PBXFileReference; lastKnownFileType = image.png; name = navbarbg.png; path = img/UI/navbarbg.png; sourceTree = "<group>"; };
		0A510AFC1678598F00E2012F /* navbarbg@2x.png */ = {isa = PBXFileReference; lastKnownFileType = image.png; name = "navbarbg@2x.png"; path = "img/UI/navbarbg@2x.png"; sourceTree = "<group>"; };
		0A510AFF16785D7300E2012F /* navbarback.png */ = {isa = PBXFileReference; lastKnownFileType = image.png; name = navbarback.png; path = img/UI/navbarback.png; sourceTree = "<group>"; };
		0A510B0016785D7300E2012F /* navbarback@2x.png */ = {isa = PBXFileReference; lastKnownFileType = image.png; name = "navbarback@2x.png"; path = "img/UI/navbarback@2x.png"; sourceTree = "<group>"; };
		0A510B031678600D00E2012F /* navbaritem.png */ = {isa = PBXFileReference; lastKnownFileType = image.png; name = navbaritem.png; path = img/UI/navbaritem.png; sourceTree = "<group>"; };
		0A510B041678600D00E2012F /* navbaritem@2x.png */ = {isa = PBXFileReference; lastKnownFileType = image.png; name = "navbaritem@2x.png"; path = "img/UI/navbaritem@2x.png"; sourceTree = "<group>"; };
		0A6276711682AE8800827101 /* TRStreamSetupViewController.h */ = {isa = PBXFileReference; fileEncoding = 4; lastKnownFileType = sourcecode.c.h; name = TRStreamSetupViewController.h; path = src/view/TRStreamSetupViewController.h; sourceTree = "<group>"; };
		0A6276721682AE8900827101 /* TRStreamSetupViewController.m */ = {isa = PBXFileReference; fileEncoding = 4; lastKnownFileType = sourcecode.c.objc; name = TRStreamSetupViewController.m; path = src/view/TRStreamSetupViewController.m; sourceTree = "<group>"; };
		0A6276771682AEC600827101 /* TRStreamSetupViewController.xib */ = {isa = PBXFileReference; fileEncoding = 4; lastKnownFileType = file.xib; name = TRStreamSetupViewController.xib; path = gui/TRStreamSetupViewController.xib; sourceTree = "<group>"; };
		0A62767D1682BBC600827101 /* TRTokenField.h */ = {isa = PBXFileReference; fileEncoding = 4; lastKnownFileType = sourcecode.c.h; name = TRTokenField.h; path = src/view/TRTokenField.h; sourceTree = "<group>"; };
		0A62767E1682BBC600827101 /* TRTokenField.m */ = {isa = PBXFileReference; fileEncoding = 4; lastKnownFileType = sourcecode.c.objc; name = TRTokenField.m; path = src/view/TRTokenField.m; sourceTree = "<group>"; };
		0A6276841682C2DA00827101 /* token_container.png */ = {isa = PBXFileReference; lastKnownFileType = image.png; name = token_container.png; path = img/UI/token_container.png; sourceTree = "<group>"; };
		0A6276851682C2DA00827101 /* token_container@2x.png */ = {isa = PBXFileReference; lastKnownFileType = image.png; name = "token_container@2x.png"; path = "img/UI/token_container@2x.png"; sourceTree = "<group>"; };
		0A6276881682C5B800827101 /* add_token.png */ = {isa = PBXFileReference; lastKnownFileType = image.png; name = add_token.png; path = img/UI/add_token.png; sourceTree = "<group>"; };
		0A6276891682C5B800827101 /* add_token@2x.png */ = {isa = PBXFileReference; lastKnownFileType = image.png; name = "add_token@2x.png"; path = "img/UI/add_token@2x.png"; sourceTree = "<group>"; };
		0A6276911682CFEC00827101 /* AddressBook.framework */ = {isa = PBXFileReference; lastKnownFileType = wrapper.framework; name = AddressBook.framework; path = System/Library/Frameworks/AddressBook.framework; sourceTree = SDKROOT; };
		0A6276921682CFEC00827101 /* AddressBookUI.framework */ = {isa = PBXFileReference; lastKnownFileType = wrapper.framework; name = AddressBookUI.framework; path = System/Library/Frameworks/AddressBookUI.framework; sourceTree = SDKROOT; };
		0A6ADB691687A39D00A3C1AE /* remove_token.png */ = {isa = PBXFileReference; lastKnownFileType = image.png; name = remove_token.png; path = img/UI/remove_token.png; sourceTree = "<group>"; };
		0A6ADB6A1687A39D00A3C1AE /* remove_token@2x.png */ = {isa = PBXFileReference; lastKnownFileType = image.png; name = "remove_token@2x.png"; path = "img/UI/remove_token@2x.png"; sourceTree = "<group>"; };
		0A6ADB721687AE2F00A3C1AE /* TRParticipantsViewController.h */ = {isa = PBXFileReference; fileEncoding = 4; lastKnownFileType = sourcecode.c.h; name = TRParticipantsViewController.h; path = src/view/TRParticipantsViewController.h; sourceTree = "<group>"; };
		0A6ADB731687AE2F00A3C1AE /* TRParticipantsViewController.m */ = {isa = PBXFileReference; fileEncoding = 4; lastKnownFileType = sourcecode.c.objc; name = TRParticipantsViewController.m; path = src/view/TRParticipantsViewController.m; sourceTree = "<group>"; };
		0A6ADB781687AE5700A3C1AE /* TRParticipantsViewController.xib */ = {isa = PBXFileReference; fileEncoding = 4; lastKnownFileType = file.xib; name = TRParticipantsViewController.xib; path = gui/TRParticipantsViewController.xib; sourceTree = "<group>"; };
		0A6ADB7A1687B1A300A3C1AE /* TRParticipantCell.h */ = {isa = PBXFileReference; fileEncoding = 4; lastKnownFileType = sourcecode.c.h; name = TRParticipantCell.h; path = src/view/TRParticipantCell.h; sourceTree = "<group>"; };
		0A6ADB7B1687B1A400A3C1AE /* TRParticipantCell.m */ = {isa = PBXFileReference; fileEncoding = 4; lastKnownFileType = sourcecode.c.objc; name = TRParticipantCell.m; path = src/view/TRParticipantCell.m; sourceTree = "<group>"; };
		0A6ADB7D1687B2F200A3C1AE /* TRParticipantCell.xib */ = {isa = PBXFileReference; fileEncoding = 4; lastKnownFileType = file.xib; name = TRParticipantCell.xib; path = gui/TRParticipantCell.xib; sourceTree = "<group>"; };
		0A6ADB7F1687B35400A3C1AE /* participantsCellBG.png */ = {isa = PBXFileReference; lastKnownFileType = image.png; name = participantsCellBG.png; path = img/UI/participantsCellBG.png; sourceTree = "<group>"; };
		0A6ADB801687B35400A3C1AE /* participantsCellBG@2x.png */ = {isa = PBXFileReference; lastKnownFileType = image.png; name = "participantsCellBG@2x.png"; path = "img/UI/participantsCellBG@2x.png"; sourceTree = "<group>"; };
		0A92F67C1689012B00803DA1 /* empty_stream.png */ = {isa = PBXFileReference; lastKnownFileType = image.png; name = empty_stream.png; path = img/UI/empty_stream.png; sourceTree = "<group>"; };
		0A92F67D1689012B00803DA1 /* empty_stream@2x.png */ = {isa = PBXFileReference; lastKnownFileType = image.png; name = "empty_stream@2x.png"; path = "img/UI/empty_stream@2x.png"; sourceTree = "<group>"; };
		0A92F6921689068400803DA1 /* libTestFlight.a */ = {isa = PBXFileReference; lastKnownFileType = archive.ar; name = libTestFlight.a; path = Stream/misc/libTestFlight.a; sourceTree = "<group>"; };
		0A92F6941689069400803DA1 /* libz.dylib */ = {isa = PBXFileReference; lastKnownFileType = "compiled.mach-o.dylib"; name = libz.dylib; path = usr/lib/libz.dylib; sourceTree = SDKROOT; };
		0A9A8EE316B0F83500D85655 /* outline_button_bg.png */ = {isa = PBXFileReference; lastKnownFileType = image.png; name = outline_button_bg.png; path = img/UI/outline_button_bg.png; sourceTree = "<group>"; };
		0A9A8EE416B0F83500D85655 /* outline_button_bg@2x.png */ = {isa = PBXFileReference; lastKnownFileType = image.png; name = "outline_button_bg@2x.png"; path = "img/UI/outline_button_bg@2x.png"; sourceTree = "<group>"; };
		0A9A8EE816B103C500D85655 /* TRCommentCell.xib */ = {isa = PBXFileReference; fileEncoding = 4; lastKnownFileType = file.xib; name = TRCommentCell.xib; path = gui/TRCommentCell.xib; sourceTree = "<group>"; };
		0A9A8EEA16B1052200D85655 /* TRCommentCell.h */ = {isa = PBXFileReference; fileEncoding = 4; lastKnownFileType = sourcecode.c.h; name = TRCommentCell.h; path = src/view/TRCommentCell.h; sourceTree = "<group>"; };
		0A9A8EEB16B1052200D85655 /* TRCommentCell.m */ = {isa = PBXFileReference; fileEncoding = 4; lastKnownFileType = sourcecode.c.objc; name = TRCommentCell.m; path = src/view/TRCommentCell.m; sourceTree = "<group>"; };
		0A9A8EED16B1060B00D85655 /* MuseoSans-100.otf */ = {isa = PBXFileReference; lastKnownFileType = file; name = "MuseoSans-100.otf"; path = "img/Fonts/MuseoSans-100.otf"; sourceTree = "<group>"; };
		0AAE99731691963E0012B826 /* upload_placeholder.png */ = {isa = PBXFileReference; lastKnownFileType = image.png; name = upload_placeholder.png; path = img/UI/upload_placeholder.png; sourceTree = "<group>"; };
		0AAE99741691963E0012B826 /* upload_placeholder@2x.png */ = {isa = PBXFileReference; lastKnownFileType = image.png; name = "upload_placeholder@2x.png"; path = "img/UI/upload_placeholder@2x.png"; sourceTree = "<group>"; };
		0AAE99771691A0900012B826 /* progress_bar_bg.png */ = {isa = PBXFileReference; lastKnownFileType = image.png; name = progress_bar_bg.png; path = img/UI/progress_bar_bg.png; sourceTree = "<group>"; };
		0AAE99781691A0900012B826 /* progress_bar_bg@2x.png */ = {isa = PBXFileReference; lastKnownFileType = image.png; name = "progress_bar_bg@2x.png"; path = "img/UI/progress_bar_bg@2x.png"; sourceTree = "<group>"; };
		0AAE99791691A0900012B826 /* progress_bar.png */ = {isa = PBXFileReference; lastKnownFileType = image.png; name = progress_bar.png; path = img/UI/progress_bar.png; sourceTree = "<group>"; };
		0AAE997A1691A0900012B826 /* progress_bar@2x.png */ = {isa = PBXFileReference; lastKnownFileType = image.png; name = "progress_bar@2x.png"; path = "img/UI/progress_bar@2x.png"; sourceTree = "<group>"; };
		0AB19B34167805900036E2BC /* iPadIcon.png */ = {isa = PBXFileReference; lastKnownFileType = image.png; name = iPadIcon.png; path = img/iPadIcon.png; sourceTree = "<group>"; };
		0AB19B35167805900036E2BC /* iPadIcon@2x.png */ = {isa = PBXFileReference; lastKnownFileType = image.png; name = "iPadIcon@2x.png"; path = "img/iPadIcon@2x.png"; sourceTree = "<group>"; };
		0AB19B36167805900036E2BC /* iPhoneIcon.png */ = {isa = PBXFileReference; lastKnownFileType = image.png; name = iPhoneIcon.png; path = img/iPhoneIcon.png; sourceTree = "<group>"; };
		0AB19B37167805900036E2BC /* iPhoneIcon@2x.png */ = {isa = PBXFileReference; lastKnownFileType = image.png; name = "iPhoneIcon@2x.png"; path = "img/iPhoneIcon@2x.png"; sourceTree = "<group>"; };
		0AB19B4A167812A20036E2BC /* orangebutton_normal.png */ = {isa = PBXFileReference; lastKnownFileType = image.png; name = orangebutton_normal.png; path = img/UI/orangebutton_normal.png; sourceTree = "<group>"; };
		0AB19B4B167812A20036E2BC /* orangebutton_normal@2x.png */ = {isa = PBXFileReference; lastKnownFileType = image.png; name = "orangebutton_normal@2x.png"; path = "img/UI/orangebutton_normal@2x.png"; sourceTree = "<group>"; };
		0AB19B4C167812A20036E2BC /* orangebutton_pressed.png */ = {isa = PBXFileReference; lastKnownFileType = image.png; name = orangebutton_pressed.png; path = img/UI/orangebutton_pressed.png; sourceTree = "<group>"; };
		0AB19B4D167812A20036E2BC /* orangebutton_pressed@2x.png */ = {isa = PBXFileReference; lastKnownFileType = image.png; name = "orangebutton_pressed@2x.png"; path = "img/UI/orangebutton_pressed@2x.png"; sourceTree = "<group>"; };
		0AB19B541678141F0036E2BC /* TRSplashViewController.h */ = {isa = PBXFileReference; fileEncoding = 4; lastKnownFileType = sourcecode.c.h; name = TRSplashViewController.h; path = src/view/TRSplashViewController.h; sourceTree = "<group>"; };
		0AB19B551678141F0036E2BC /* TRSplashViewController.m */ = {isa = PBXFileReference; fileEncoding = 4; lastKnownFileType = sourcecode.c.objc; name = TRSplashViewController.m; path = src/view/TRSplashViewController.m; sourceTree = "<group>"; };
		0AB19B59167814390036E2BC /* TRSplashViewController.xib */ = {isa = PBXFileReference; fileEncoding = 4; lastKnownFileType = file.xib; name = TRSplashViewController.xib; path = gui/TRSplashViewController.xib; sourceTree = "<group>"; };
		0AB19B5F16781C8B0036E2BC /* MuseoSans_700.otf */ = {isa = PBXFileReference; lastKnownFileType = file; name = MuseoSans_700.otf; path = img/Fonts/MuseoSans_700.otf; sourceTree = "<group>"; };
		0AB19B6116781F240036E2BC /* blackbutton_normal.png */ = {isa = PBXFileReference; lastKnownFileType = image.png; name = blackbutton_normal.png; path = img/UI/blackbutton_normal.png; sourceTree = "<group>"; };
		0AB19B6216781F240036E2BC /* blackbutton_normal@2x.png */ = {isa = PBXFileReference; lastKnownFileType = image.png; name = "blackbutton_normal@2x.png"; path = "img/UI/blackbutton_normal@2x.png"; sourceTree = "<group>"; };
		0AB19B6316781F240036E2BC /* blackbutton_pressed.png */ = {isa = PBXFileReference; lastKnownFileType = image.png; name = blackbutton_pressed.png; path = img/UI/blackbutton_pressed.png; sourceTree = "<group>"; };
		0AB19B6416781F240036E2BC /* blackbutton_pressed@2x.png */ = {isa = PBXFileReference; lastKnownFileType = image.png; name = "blackbutton_pressed@2x.png"; path = "img/UI/blackbutton_pressed@2x.png"; sourceTree = "<group>"; };
		0AB19B69167822A00036E2BC /* logo.png */ = {isa = PBXFileReference; lastKnownFileType = image.png; name = logo.png; path = img/logo.png; sourceTree = "<group>"; };
		0AB19B6A167822A00036E2BC /* logo@2x.png */ = {isa = PBXFileReference; lastKnownFileType = image.png; name = "logo@2x.png"; path = "img/logo@2x.png"; sourceTree = "<group>"; };
		0ABAAE96167A674400DD9A8B /* TRPhotoStreamViewController.xib */ = {isa = PBXFileReference; fileEncoding = 4; lastKnownFileType = file.xib; name = TRPhotoStreamViewController.xib; path = gui/TRPhotoStreamViewController.xib; sourceTree = "<group>"; };
		0ADF457A1664B14100E0C0FA /* en */ = {isa = PBXFileReference; lastKnownFileType = text.plist.strings; name = en; path = gui/en.lproj/InfoPlist.strings; sourceTree = "<group>"; };
		0ADF457C1664B14C00E0C0FA /* Default-568h@2x.png */ = {isa = PBXFileReference; lastKnownFileType = image.png; name = "Default-568h@2x.png"; path = "img/Default-568h@2x.png"; sourceTree = "<group>"; };
		0ADF457D1664B14C00E0C0FA /* Default.png */ = {isa = PBXFileReference; lastKnownFileType = image.png; name = Default.png; path = img/Default.png; sourceTree = "<group>"; };
		0ADF457E1664B14C00E0C0FA /* Default@2x.png */ = {isa = PBXFileReference; lastKnownFileType = image.png; name = "Default@2x.png"; path = "img/Default@2x.png"; sourceTree = "<group>"; };
		0ADF45821664B15100E0C0FA /* Info.plist */ = {isa = PBXFileReference; fileEncoding = 4; lastKnownFileType = text.plist.xml; name = Info.plist; path = misc/Info.plist; sourceTree = "<group>"; };
		0ADF45831664B15100E0C0FA /* main.m */ = {isa = PBXFileReference; fileEncoding = 4; lastKnownFileType = sourcecode.c.objc; name = main.m; path = misc/main.m; sourceTree = "<group>"; };
		0ADF45841664B15100E0C0FA /* Prefix.pch */ = {isa = PBXFileReference; fileEncoding = 4; lastKnownFileType = sourcecode.c.h; name = Prefix.pch; path = misc/Prefix.pch; sourceTree = "<group>"; };
		0ADF45871664B15C00E0C0FA /* TRAppDelegate.h */ = {isa = PBXFileReference; fileEncoding = 4; lastKnownFileType = sourcecode.c.h; name = TRAppDelegate.h; path = src/TRAppDelegate.h; sourceTree = "<group>"; };
		0ADF45881664B15C00E0C0FA /* TRAppDelegate.m */ = {isa = PBXFileReference; fileEncoding = 4; lastKnownFileType = sourcecode.c.objc; name = TRAppDelegate.m; path = src/TRAppDelegate.m; sourceTree = "<group>"; };
		0AF3B4C116B06C3F0034AB0A /* delete_icon.png */ = {isa = PBXFileReference; lastKnownFileType = image.png; name = delete_icon.png; path = img/UI/delete_icon.png; sourceTree = "<group>"; };
		0AF3B4C216B06C3F0034AB0A /* delete_icon@2x.png */ = {isa = PBXFileReference; lastKnownFileType = image.png; name = "delete_icon@2x.png"; path = "img/UI/delete_icon@2x.png"; sourceTree = "<group>"; };
		0AF3B4D616B07CA00034AB0A /* comment_white_small.png */ = {isa = PBXFileReference; lastKnownFileType = image.png; name = comment_white_small.png; path = img/UI/comment_white_small.png; sourceTree = "<group>"; };
		0AF3B4D716B07CA00034AB0A /* comment_white_small@2x.png */ = {isa = PBXFileReference; lastKnownFileType = image.png; name = "comment_white_small@2x.png"; path = "img/UI/comment_white_small@2x.png"; sourceTree = "<group>"; };
		0AF7A1D9167AAFA40040023D /* view_participants_highlighted@2x.png */ = {isa = PBXFileReference; lastKnownFileType = image.png; name = "view_participants_highlighted@2x.png"; path = "img/UI/view_participants_highlighted@2x.png"; sourceTree = "<group>"; };
		0AF7A1DA167AAFA40040023D /* view_participants_normal@2x.png */ = {isa = PBXFileReference; lastKnownFileType = image.png; name = "view_participants_normal@2x.png"; path = "img/UI/view_participants_normal@2x.png"; sourceTree = "<group>"; };
		0AF7A1DE167AB01A0040023D /* view_participants_highlighted.png */ = {isa = PBXFileReference; lastKnownFileType = image.png; name = view_participants_highlighted.png; path = img/UI/view_participants_highlighted.png; sourceTree = "<group>"; };
		0AF7A1DF167AB01A0040023D /* view_participants_normal.png */ = {isa = PBXFileReference; lastKnownFileType = image.png; name = view_participants_normal.png; path = img/UI/view_participants_normal.png; sourceTree = "<group>"; };
		0AF7A1E2167AB1570040023D /* navbaritem_highlighted.png */ = {isa = PBXFileReference; lastKnownFileType = image.png; name = navbaritem_highlighted.png; path = img/UI/navbaritem_highlighted.png; sourceTree = "<group>"; };
		0AF7A1E3167AB1570040023D /* navbaritem_highlighted@2x.png */ = {isa = PBXFileReference; lastKnownFileType = image.png; name = "navbaritem_highlighted@2x.png"; path = "img/UI/navbaritem_highlighted@2x.png"; sourceTree = "<group>"; };
		0AF7A1E6167AB27C0040023D /* navbarback_highlighted.png */ = {isa = PBXFileReference; lastKnownFileType = image.png; name = navbarback_highlighted.png; path = img/UI/navbarback_highlighted.png; sourceTree = "<group>"; };
		0AF7A1E7167AB27C0040023D /* navbarback_highlighted@2x.png */ = {isa = PBXFileReference; lastKnownFileType = image.png; name = "navbarback_highlighted@2x.png"; path = "img/UI/navbarback_highlighted@2x.png"; sourceTree = "<group>"; };
		0AF7A1EA167AB6280040023D /* navbaritem_orange_highlighted.png */ = {isa = PBXFileReference; lastKnownFileType = image.png; name = navbaritem_orange_highlighted.png; path = img/UI/navbaritem_orange_highlighted.png; sourceTree = "<group>"; };
		0AF7A1EB167AB6280040023D /* navbaritem_orange_highlighted@2x.png */ = {isa = PBXFileReference; lastKnownFileType = image.png; name = "navbaritem_orange_highlighted@2x.png"; path = "img/UI/navbaritem_orange_highlighted@2x.png"; sourceTree = "<group>"; };
		0AF7A1EE167ADC080040023D /* participants.png */ = {isa = PBXFileReference; lastKnownFileType = image.png; name = participants.png; path = img/UI/participants.png; sourceTree = "<group>"; };
		0AF7A1EF167ADC080040023D /* participants@2x.png */ = {isa = PBXFileReference; lastKnownFileType = image.png; name = "participants@2x.png"; path = "img/UI/participants@2x.png"; sourceTree = "<group>"; };
		0AF7A1F2167B01B40040023D /* TRStreamGridViewCell.xib */ = {isa = PBXFileReference; fileEncoding = 4; lastKnownFileType = file.xib; name = TRStreamGridViewCell.xib; path = gui/TRStreamGridViewCell.xib; sourceTree = "<group>"; };
		0AF7A1F4167B2D440040023D /* TRStreamGridViewCell.h */ = {isa = PBXFileReference; fileEncoding = 4; lastKnownFileType = sourcecode.c.h; name = TRStreamGridViewCell.h; path = src/view/TRStreamGridViewCell.h; sourceTree = "<group>"; };
		0AF7A1F5167B2D440040023D /* TRStreamGridViewCell.m */ = {isa = PBXFileReference; fileEncoding = 4; lastKnownFileType = sourcecode.c.objc; name = TRStreamGridViewCell.m; path = src/view/TRStreamGridViewCell.m; sourceTree = "<group>"; };
/* End PBXFileReference section */

/* Begin PBXFrameworksBuildPhase section */
		0A3890CC1664AFC7002E8BC1 /* Frameworks */ = {
			isa = PBXFrameworksBuildPhase;
			buildActionMask = 2147483647;
			files = (
				0A6276951682CFF800827101 /* AddressBook.framework in Frameworks */,
				0A6276961682CFF800827101 /* AddressBookUI.framework in Frameworks */,
				0A3890D41664AFC7002E8BC1 /* UIKit.framework in Frameworks */,
				0A3890D61664AFC7002E8BC1 /* Foundation.framework in Frameworks */,
				0A3890D81664AFC7002E8BC1 /* CoreGraphics.framework in Frameworks */,
				0A457688167D4DBA00848D8E /* QuartzCore.framework in Frameworks */,
				0A92F6931689068400803DA1 /* libTestFlight.a in Frameworks */,
				0A92F6951689069400803DA1 /* libz.dylib in Frameworks */,
			);
			runOnlyForDeploymentPostprocessing = 0;
		};
/* End PBXFrameworksBuildPhase section */

/* Begin PBXGroup section */
		0A3890C41664AFC7002E8BC1 = {
			isa = PBXGroup;
			children = (
				0A3890D91664AFC7002E8BC1 /* Stream */,
				0A3890D21664AFC7002E8BC1 /* Frameworks */,
				0A3890D01664AFC7002E8BC1 /* Products */,
			);
			sourceTree = "<group>";
		};
		0A3890D01664AFC7002E8BC1 /* Products */ = {
			isa = PBXGroup;
			children = (
				0A3890CF1664AFC7002E8BC1 /* Stream.app */,
			);
			name = Products;
			sourceTree = "<group>";
		};
		0A3890D21664AFC7002E8BC1 /* Frameworks */ = {
			isa = PBXGroup;
			children = (
				0A6276911682CFEC00827101 /* AddressBook.framework */,
				0A6276921682CFEC00827101 /* AddressBookUI.framework */,
				0A3890D71664AFC7002E8BC1 /* CoreGraphics.framework */,
				0A3890D51664AFC7002E8BC1 /* Foundation.framework */,
				0A457686167D4DAE00848D8E /* QuartzCore.framework */,
				0A3890D31664AFC7002E8BC1 /* UIKit.framework */,
				0A92F6921689068400803DA1 /* libTestFlight.a */,
				0A92F6941689069400803DA1 /* libz.dylib */,
			);
			name = Frameworks;
			sourceTree = "<group>";
		};
		0A3890D91664AFC7002E8BC1 /* Stream */ = {
			isa = PBXGroup;
			children = (
				0A3890F01664B028002E8BC1 /* gui */,
				0A3890F31664B039002E8BC1 /* img */,
				0A3890F21664B033002E8BC1 /* misc */,
				0A3890F11664B02D002E8BC1 /* src */,
			);
			path = Stream;
			sourceTree = "<group>";
		};
		0A3890F01664B028002E8BC1 /* gui */ = {
			isa = PBXGroup;
			children = (
				0ADF45791664B14100E0C0FA /* InfoPlist.strings */,
				0A4D4B6716B0C9FC0036C440 /* TRCommentsViewController.xib */,
				0A26060816BBBE32009EF224 /* TRFeedbackViewController.xib */,
				0A510AF916784BD500E2012F /* TRLoginViewController.xib */,
				0A3CEB5516884DB300305544 /* TRLikerListViewController.xib */,
				0A6ADB7D1687B2F200A3C1AE /* TRParticipantCell.xib */,
				0A6ADB781687AE5700A3C1AE /* TRParticipantsViewController.xib */,
				0A4C6C92167930D4002DD362 /* TRSignupViewController.xib */,
				0AB19B59167814390036E2BC /* TRSplashViewController.xib */,
				0A4C6CB71679533D002DD362 /* TRStreamTableViewController.xib */,
				0A4C6C881679299C002DD362 /* TRTextFieldCell.xib */,
				0ABAAE96167A674400DD9A8B /* TRPhotoStreamViewController.xib */,
				0A6276771682AEC600827101 /* TRStreamSetupViewController.xib */,
				0A4C6CBC167955D6002DD362 /* TRStreamCell.xib */,
				0AF7A1F2167B01B40040023D /* TRStreamGridViewCell.xib */,
				0A45768C167D62AA00848D8E /* TRPhotoViewController.xib */,
				0A9A8EE816B103C500D85655 /* TRCommentCell.xib */,
			);
			name = gui;
			sourceTree = "<group>";
		};
		0A3890F11664B02D002E8BC1 /* src */ = {
			isa = PBXGroup;
			children = (
				0ADF45871664B15C00E0C0FA /* TRAppDelegate.h */,
				0ADF45881664B15C00E0C0FA /* TRAppDelegate.m */,
				0A4C6CC216796745002DD362 /* model */,
				0AB19B4016780B040036E2BC /* view */,
			);
			name = src;
			sourceTree = "<group>";
		};
		0A3890F21664B033002E8BC1 /* misc */ = {
			isa = PBXGroup;
			children = (
				0ADF45821664B15100E0C0FA /* Info.plist */,
				0ADF45831664B15100E0C0FA /* main.m */,
				0ADF45841664B15100E0C0FA /* Prefix.pch */,
			);
			name = misc;
			sourceTree = "<group>";
		};
		0A3890F31664B039002E8BC1 /* img */ = {
			isa = PBXGroup;
			children = (
				0AB19B34167805900036E2BC /* iPadIcon.png */,
				0AB19B35167805900036E2BC /* iPadIcon@2x.png */,
				0AB19B36167805900036E2BC /* iPhoneIcon.png */,
				0AB19B37167805900036E2BC /* iPhoneIcon@2x.png */,
				0AB19B69167822A00036E2BC /* logo.png */,
				0AB19B6A167822A00036E2BC /* logo@2x.png */,
				0ADF457C1664B14C00E0C0FA /* Default-568h@2x.png */,
				0ADF457D1664B14C00E0C0FA /* Default.png */,
				0ADF457E1664B14C00E0C0FA /* Default@2x.png */,
				0AB19B5B1678190C0036E2BC /* Fonts */,
				0AB19B49167812930036E2BC /* UI */,
			);
			name = img;
			sourceTree = "<group>";
		};
		0A4C6CC216796745002DD362 /* model */ = {
			isa = PBXGroup;
			children = (
				0A4C6CC316796772002DD362 /* TRNetwork.h */,
				0A4C6CC416796772002DD362 /* TRNetwork.m */,
				0A4C6CC6167971B7002DD362 /* TRGraph.h */,
				0A4C6CC7167971B7002DD362 /* TRGraph.m */,
				0A4C6CD51679CB57002DD362 /* TRImage.h */,
				0A4C6CD61679CB57002DD362 /* TRImage.m */,
				0A4C6CCC16798A04002DD362 /* TRPhoto.h */,
				0A4C6CCD16798A04002DD362 /* TRPhoto.m */,
				0A4C6CC916797753002DD362 /* TRPhotoStream.h */,
				0A4C6CCA16797753002DD362 /* TRPhotoStream.m */,
				0A4C6CCF16798AAE002DD362 /* TRUser.h */,
				0A4C6CD016798AAF002DD362 /* TRUser.m */,
			);
			name = model;
			sourceTree = "<group>";
		};
		0AB19B4016780B040036E2BC /* view */ = {
			isa = PBXGroup;
			children = (
				0A4C6CD21679CB2A002DD362 /* TRImageView.h */,
				0A4C6CD31679CB2A002DD362 /* TRImageView.m */,
				0A9A8EEA16B1052200D85655 /* TRCommentCell.h */,
				0A9A8EEB16B1052200D85655 /* TRCommentCell.m */,
				0A4D4B6116B0C9C10036C440 /* TRCommentsViewController.h */,
				0A4D4B6216B0C9C10036C440 /* TRCommentsViewController.m */,
				0A457689167D59B400848D8E /* TRPhotoViewController.h */,
				0A45768A167D59B400848D8E /* TRPhotoViewController.m */,
				0A4C6CE41679E777002DD362 /* TRPhotoStreamViewController.h */,
				0A4C6CE51679E777002DD362 /* TRPhotoStreamViewController.m */,
				0A26060316BBBE0B009EF224 /* TRFeedbackViewController.h */,
				0A26060416BBBE0B009EF224 /* TRFeedbackViewController.m */,
				0A3CEB5216884D9600305544 /* TRLikerListViewController.h */,
				0A3CEB5316884D9600305544 /* TRLikerListViewController.m */,
				0A510AF316784B9F00E2012F /* TRLoginViewController.h */,
				0A510AF416784B9F00E2012F /* TRLoginViewController.m */,
				0A6ADB7A1687B1A300A3C1AE /* TRParticipantCell.h */,
				0A6ADB7B1687B1A400A3C1AE /* TRParticipantCell.m */,
				0A6ADB721687AE2F00A3C1AE /* TRParticipantsViewController.h */,
				0A6ADB731687AE2F00A3C1AE /* TRParticipantsViewController.m */,
				0A4C6C8D167930B2002DD362 /* TRSignupViewController.h */,
				0A4C6C8E167930B2002DD362 /* TRSignupViewController.m */,
				0AB19B541678141F0036E2BC /* TRSplashViewController.h */,
				0AB19B551678141F0036E2BC /* TRSplashViewController.m */,
				0A4C6C82167924EA002DD362 /* TRTableViewCell.h */,
				0A4C6C83167924EA002DD362 /* TRTableViewCell.m */,
				0A4C6C8A167929C4002DD362 /* TRTextFieldCell.h */,
				0A4C6C8B167929C4002DD362 /* TRTextFieldCell.m */,
				0A62767D1682BBC600827101 /* TRTokenField.h */,
				0A62767E1682BBC600827101 /* TRTokenField.m */,
				0A4C6CB91679559E002DD362 /* TRStreamCell.h */,
				0A4C6CBA1679559E002DD362 /* TRStreamCell.m */,
				0A4C6CAC16794C59002DD362 /* TRStreamViewController.h */,
				0A4C6CAD16794C59002DD362 /* TRStreamViewController.m */,
				0A4C6CB2167952E8002DD362 /* TRStreamTableViewController.h */,
				0A4C6CB3167952E8002DD362 /* TRStreamTableViewController.m */,
				0AF7A1F4167B2D440040023D /* TRStreamGridViewCell.h */,
				0AF7A1F5167B2D440040023D /* TRStreamGridViewCell.m */,
				0A6276711682AE8800827101 /* TRStreamSetupViewController.h */,
				0A6276721682AE8900827101 /* TRStreamSetupViewController.m */,
			);
			name = view;
			sourceTree = "<group>";
		};
		0AB19B49167812930036E2BC /* UI */ = {
			isa = PBXGroup;
			children = (
				0A6276881682C5B800827101 /* add_token.png */,
				0A6276891682C5B800827101 /* add_token@2x.png */,
				0A45768E167D651900848D8E /* closex.png */,
				0A45768F167D651900848D8E /* closex@2x.png */,
				0AF3B4D616B07CA00034AB0A /* comment_white_small.png */,
				0AF3B4D716B07CA00034AB0A /* comment_white_small@2x.png */,
				0A4D4B6916B0CAAF0036C440 /* comments_gradient_bottom.png */,
				0A4D4B6A16B0CAAF0036C440 /* comments_gradient_bottom@2x.png */,
				0A4D4B6B16B0CAAF0036C440 /* comments_gradient_top.png */,
				0A4D4B6C16B0CAAF0036C440 /* comments_gradient_top@2x.png */,
				0AF3B4C116B06C3F0034AB0A /* delete_icon.png */,
				0AF3B4C216B06C3F0034AB0A /* delete_icon@2x.png */,
				0A92F67C1689012B00803DA1 /* empty_stream.png */,
				0A92F67D1689012B00803DA1 /* empty_stream@2x.png */,
				0A457692167D7F5600848D8E /* heart_red_large.png */,
				0A457693167D7F5600848D8E /* heart_red_large@2x.png */,
				0A457694167D7F5600848D8E /* heart_red_small.png */,
				0A457695167D7F5600848D8E /* heart_red_small@2x.png */,
				0A457696167D7F5600848D8E /* heart_unlike_large.png */,
				0A457697167D7F5600848D8E /* heart_unlike_large@2x.png */,
				0A457698167D7F5600848D8E /* heart_white_small.png */,
				0A457699167D7F5600848D8E /* heart_white_small@2x.png */,
				0A14A3EE16AE6B5000688B51 /* inner_shadow.png */,
				0A14A3EF16AE6B5000688B51 /* inner_shadow@2x.png */,
				0A510B031678600D00E2012F /* navbaritem.png */,
				0A510B041678600D00E2012F /* navbaritem@2x.png */,
				0A510AFF16785D7300E2012F /* navbarback.png */,
				0A510B0016785D7300E2012F /* navbarback@2x.png */,
				0AF7A1E6167AB27C0040023D /* navbarback_highlighted.png */,
				0AF7A1E7167AB27C0040023D /* navbarback_highlighted@2x.png */,
				0A510AFB1678598F00E2012F /* navbarbg.png */,
				0A510AFC1678598F00E2012F /* navbarbg@2x.png */,
				0AF7A1E2167AB1570040023D /* navbaritem_highlighted.png */,
				0AF7A1E3167AB1570040023D /* navbaritem_highlighted@2x.png */,
				0AF7A1EA167AB6280040023D /* navbaritem_orange_highlighted.png */,
				0AF7A1EB167AB6280040023D /* navbaritem_orange_highlighted@2x.png */,
				0A4C6C94167935CF002DD362 /* navbaritem_orange.png */,
				0A4C6C95167935CF002DD362 /* navbaritem_orange@2x.png */,
				0A26060C16BBD5AD009EF224 /* nux_streams.png */,
				0A26060D16BBD5AD009EF224 /* nux_streams@2x.png */,
				0AB19B6116781F240036E2BC /* blackbutton_normal.png */,
				0AB19B6216781F240036E2BC /* blackbutton_normal@2x.png */,
				0AB19B6316781F240036E2BC /* blackbutton_pressed.png */,
				0AB19B6416781F240036E2BC /* blackbutton_pressed@2x.png */,
				0AB19B4A167812A20036E2BC /* orangebutton_normal.png */,
				0AB19B4B167812A20036E2BC /* orangebutton_normal@2x.png */,
				0AB19B4C167812A20036E2BC /* orangebutton_pressed.png */,
				0AB19B4D167812A20036E2BC /* orangebutton_pressed@2x.png */,
				0A9A8EE316B0F83500D85655 /* outline_button_bg.png */,
				0A9A8EE416B0F83500D85655 /* outline_button_bg@2x.png */,
				0AF7A1EE167ADC080040023D /* participants.png */,
				0AF7A1EF167ADC080040023D /* participants@2x.png */,
				0AAE99771691A0900012B826 /* progress_bar_bg.png */,
				0AAE99781691A0900012B826 /* progress_bar_bg@2x.png */,
				0AAE99791691A0900012B826 /* progress_bar.png */,
				0AAE997A1691A0900012B826 /* progress_bar@2x.png */,
				0A6ADB691687A39D00A3C1AE /* remove_token.png */,
				0A6ADB6A1687A39D00A3C1AE /* remove_token@2x.png */,
				0A26061616BBE1DC009EF224 /* participantsCellBG_selected.png */,
				0A26061716BBE1DC009EF224 /* participantsCellBG_selected@2x.png */,
				0A6ADB7F1687B35400A3C1AE /* participantsCellBG.png */,
				0A6ADB801687B35400A3C1AE /* participantsCellBG@2x.png */,
				0A26061216BBDC6D009EF224 /* streamcell_selected.png */,
				0A26061316BBDC6D009EF224 /* streamcell_selected@2x.png */,
				0A4C6CBE167956E4002DD362 /* streamcell.png */,
				0A4C6CBF167956E4002DD362 /* streamcell@2x.png */,
				0A4C6C71167921E9002DD362 /* tableviewgrouped_bot.png */,
				0A4C6C72167921E9002DD362 /* tableviewgrouped_bot@2x.png */,
				0A4C6C73167921E9002DD362 /* tableviewgrouped_cap.png */,
				0A4C6C74167921E9002DD362 /* tableviewgrouped_cap@2x.png */,
				0A4C6C7E16792346002DD362 /* tableviewgrouped_mid.png */,
				0A4C6C7F16792346002DD362 /* tableviewgrouped_mid@2x.png */,
				0A4C6C75167921E9002DD362 /* tableviewgrouped_top.png */,
				0A4C6C76167921E9002DD362 /* tableviewgrouped_top@2x.png */,
				0A6276841682C2DA00827101 /* token_container.png */,
				0A6276851682C2DA00827101 /* token_container@2x.png */,
				0AAE99731691963E0012B826 /* upload_placeholder.png */,
				0AAE99741691963E0012B826 /* upload_placeholder@2x.png */,
				0AF7A1D9167AAFA40040023D /* view_participants_highlighted@2x.png */,
				0AF7A1DE167AB01A0040023D /* view_participants_highlighted.png */,
				0AF7A1DF167AB01A0040023D /* view_participants_normal.png */,
				0AF7A1DA167AAFA40040023D /* view_participants_normal@2x.png */,
			);
			name = UI;
			sourceTree = "<group>";
		};
		0AB19B5B1678190C0036E2BC /* Fonts */ = {
			isa = PBXGroup;
			children = (
				0A9A8EED16B1060B00D85655 /* MuseoSans-100.otf */,
				0A510AD6167842E000E2012F /* MuseoSans-300.otf */,
				0A510AD5167842E000E2012F /* MuseoSans_500.otf */,
				0AB19B5F16781C8B0036E2BC /* MuseoSans_700.otf */,
			);
			name = Fonts;
			sourceTree = "<group>";
		};
/* End PBXGroup section */

/* Begin PBXNativeTarget section */
		0A3890CE1664AFC7002E8BC1 /* Stream */ = {
			isa = PBXNativeTarget;
			buildConfigurationList = 0A3890ED1664AFC7002E8BC1 /* Build configuration list for PBXNativeTarget "Stream" */;
			buildPhases = (
				0A3890CB1664AFC7002E8BC1 /* Sources */,
				0A3890CC1664AFC7002E8BC1 /* Frameworks */,
				0A3890CD1664AFC7002E8BC1 /* Resources */,
			);
			buildRules = (
			);
			dependencies = (
			);
			name = Stream;
			productName = Stream;
			productReference = 0A3890CF1664AFC7002E8BC1 /* Stream.app */;
			productType = "com.apple.product-type.application";
		};
/* End PBXNativeTarget section */

/* Begin PBXProject section */
		0A3890C61664AFC7002E8BC1 /* Project object */ = {
			isa = PBXProject;
			attributes = {
				CLASSPREFIX = TR;
				LastUpgradeCheck = 0450;
				ORGANIZATIONNAME = TeamRocket;
			};
			buildConfigurationList = 0A3890C91664AFC7002E8BC1 /* Build configuration list for PBXProject "Stream" */;
			compatibilityVersion = "Xcode 3.2";
			developmentRegion = English;
			hasScannedForEncodings = 0;
			knownRegions = (
				en,
			);
			mainGroup = 0A3890C41664AFC7002E8BC1;
			productRefGroup = 0A3890D01664AFC7002E8BC1 /* Products */;
			projectDirPath = "";
			projectRoot = "";
			targets = (
				0A3890CE1664AFC7002E8BC1 /* Stream */,
			);
		};
/* End PBXProject section */

/* Begin PBXResourcesBuildPhase section */
		0A3890CD1664AFC7002E8BC1 /* Resources */ = {
			isa = PBXResourcesBuildPhase;
			buildActionMask = 2147483647;
			files = (
				0ADF457B1664B14100E0C0FA /* InfoPlist.strings in Resources */,
				0ADF457F1664B14C00E0C0FA /* Default-568h@2x.png in Resources */,
				0ADF45801664B14C00E0C0FA /* Default.png in Resources */,
				0ADF45811664B14C00E0C0FA /* Default@2x.png in Resources */,
				0AB19B38167805900036E2BC /* iPadIcon.png in Resources */,
				0AB19B39167805900036E2BC /* iPadIcon@2x.png in Resources */,
				0AB19B3A167805900036E2BC /* iPhoneIcon.png in Resources */,
				0AB19B3B167805900036E2BC /* iPhoneIcon@2x.png in Resources */,
				0AB19B4E167812A20036E2BC /* orangebutton_normal.png in Resources */,
				0AB19B4F167812A20036E2BC /* orangebutton_normal@2x.png in Resources */,
				0AB19B50167812A20036E2BC /* orangebutton_pressed.png in Resources */,
				0AB19B51167812A20036E2BC /* orangebutton_pressed@2x.png in Resources */,
				0AB19B5A167814390036E2BC /* TRSplashViewController.xib in Resources */,
				0AB19B6016781CC20036E2BC /* MuseoSans_700.otf in Resources */,
				0AB19B6516781F240036E2BC /* blackbutton_normal.png in Resources */,
				0AB19B6616781F240036E2BC /* blackbutton_normal@2x.png in Resources */,
				0AB19B6716781F240036E2BC /* blackbutton_pressed.png in Resources */,
				0AB19B6816781F240036E2BC /* blackbutton_pressed@2x.png in Resources */,
				0AB19B6B167822A00036E2BC /* logo.png in Resources */,
				0AB19B6C167822A00036E2BC /* logo@2x.png in Resources */,
				0A510AD7167842E000E2012F /* MuseoSans_500.otf in Resources */,
				0A510AD8167842E000E2012F /* MuseoSans-300.otf in Resources */,
				0A510AFA16784BD500E2012F /* TRLoginViewController.xib in Resources */,
				0A510AFD1678598F00E2012F /* navbarbg.png in Resources */,
				0A510AFE1678598F00E2012F /* navbarbg@2x.png in Resources */,
				0A510B0116785D7300E2012F /* navbarback.png in Resources */,
				0A510B0216785D7300E2012F /* navbarback@2x.png in Resources */,
				0A510B051678600D00E2012F /* navbaritem.png in Resources */,
				0A510B061678600D00E2012F /* navbaritem@2x.png in Resources */,
				0A4C6C77167921E9002DD362 /* tableviewgrouped_bot.png in Resources */,
				0A4C6C78167921E9002DD362 /* tableviewgrouped_bot@2x.png in Resources */,
				0A4C6C79167921E9002DD362 /* tableviewgrouped_cap.png in Resources */,
				0A4C6C7A167921E9002DD362 /* tableviewgrouped_cap@2x.png in Resources */,
				0A4C6C7B167921E9002DD362 /* tableviewgrouped_top.png in Resources */,
				0A4C6C7C167921E9002DD362 /* tableviewgrouped_top@2x.png in Resources */,
				0A4C6C8016792346002DD362 /* tableviewgrouped_mid.png in Resources */,
				0A4C6C8116792346002DD362 /* tableviewgrouped_mid@2x.png in Resources */,
				0A4C6C891679299C002DD362 /* TRTextFieldCell.xib in Resources */,
				0A4C6C93167930D4002DD362 /* TRSignupViewController.xib in Resources */,
				0A4C6C96167935CF002DD362 /* navbaritem_orange.png in Resources */,
				0A4C6C97167935CF002DD362 /* navbaritem_orange@2x.png in Resources */,
				0A4C6CB81679533D002DD362 /* TRStreamTableViewController.xib in Resources */,
				0A4C6CBD167955D7002DD362 /* TRStreamCell.xib in Resources */,
				0A4C6CC0167956E4002DD362 /* streamcell.png in Resources */,
				0A4C6CC1167956E4002DD362 /* streamcell@2x.png in Resources */,
				0ABAAE97167A674400DD9A8B /* TRPhotoStreamViewController.xib in Resources */,
				0AF7A1DB167AAFA40040023D /* view_participants_highlighted@2x.png in Resources */,
				0AF7A1DC167AAFA40040023D /* view_participants_normal@2x.png in Resources */,
				0AF7A1E0167AB01A0040023D /* view_participants_highlighted.png in Resources */,
				0AF7A1E1167AB01A0040023D /* view_participants_normal.png in Resources */,
				0AF7A1E4167AB1570040023D /* navbaritem_highlighted.png in Resources */,
				0AF7A1E5167AB1570040023D /* navbaritem_highlighted@2x.png in Resources */,
				0AF7A1E8167AB27C0040023D /* navbarback_highlighted.png in Resources */,
				0AF7A1E9167AB27C0040023D /* navbarback_highlighted@2x.png in Resources */,
				0AF7A1EC167AB6280040023D /* navbaritem_orange_highlighted.png in Resources */,
				0AF7A1ED167AB6280040023D /* navbaritem_orange_highlighted@2x.png in Resources */,
				0AF7A1F0167ADC080040023D /* participants.png in Resources */,
				0AF7A1F1167ADC080040023D /* participants@2x.png in Resources */,
				0AF7A1F3167B01B40040023D /* TRStreamGridViewCell.xib in Resources */,
				0A45768D167D62AA00848D8E /* TRPhotoViewController.xib in Resources */,
				0A457690167D651900848D8E /* closex.png in Resources */,
				0A457691167D651900848D8E /* closex@2x.png in Resources */,
				0A45769A167D7F5600848D8E /* heart_red_large.png in Resources */,
				0A45769B167D7F5600848D8E /* heart_red_large@2x.png in Resources */,
				0A45769C167D7F5600848D8E /* heart_red_small.png in Resources */,
				0A45769D167D7F5600848D8E /* heart_red_small@2x.png in Resources */,
				0A45769E167D7F5600848D8E /* heart_unlike_large.png in Resources */,
				0A45769F167D7F5600848D8E /* heart_unlike_large@2x.png in Resources */,
				0A4576A0167D7F5600848D8E /* heart_white_small.png in Resources */,
				0A4576A1167D7F5600848D8E /* heart_white_small@2x.png in Resources */,
				0A6276781682AEC600827101 /* TRStreamSetupViewController.xib in Resources */,
				0A6276861682C2DA00827101 /* token_container.png in Resources */,
				0A6276871682C2DA00827101 /* token_container@2x.png in Resources */,
				0A62768A1682C5B800827101 /* add_token.png in Resources */,
				0A62768B1682C5B800827101 /* add_token@2x.png in Resources */,
				0A6ADB6B1687A39D00A3C1AE /* remove_token.png in Resources */,
				0A6ADB6C1687A39D00A3C1AE /* remove_token@2x.png in Resources */,
				0A6ADB791687AE5700A3C1AE /* TRParticipantsViewController.xib in Resources */,
				0A9A8EEE16B109A200D85655 /* MuseoSans-100.otf in Resources */,
				0A6ADB7E1687B2F200A3C1AE /* TRParticipantCell.xib in Resources */,
				0A6ADB811687B35400A3C1AE /* participantsCellBG.png in Resources */,
				0A6ADB821687B35400A3C1AE /* participantsCellBG@2x.png in Resources */,
				0A3CEB5616884DB300305544 /* TRLikerListViewController.xib in Resources */,
				0A92F67E1689012B00803DA1 /* empty_stream.png in Resources */,
				0A92F67F1689012B00803DA1 /* empty_stream@2x.png in Resources */,
				0AAE99751691963E0012B826 /* upload_placeholder.png in Resources */,
				0AAE99761691963E0012B826 /* upload_placeholder@2x.png in Resources */,
				0AAE997B1691A0910012B826 /* progress_bar_bg.png in Resources */,
				0AAE997C1691A0910012B826 /* progress_bar_bg@2x.png in Resources */,
				0AAE997D1691A0910012B826 /* progress_bar.png in Resources */,
				0AAE997E1691A0910012B826 /* progress_bar@2x.png in Resources */,
				0A14A3F016AE6B5000688B51 /* inner_shadow.png in Resources */,
				0A14A3F116AE6B5000688B51 /* inner_shadow@2x.png in Resources */,
				0AF3B4C316B06C3F0034AB0A /* delete_icon.png in Resources */,
				0AF3B4C416B06C3F0034AB0A /* delete_icon@2x.png in Resources */,
				0AF3B4D816B07CA00034AB0A /* comment_white_small.png in Resources */,
				0AF3B4D916B07CA00034AB0A /* comment_white_small@2x.png in Resources */,
				0A4D4B6816B0C9FC0036C440 /* TRCommentsViewController.xib in Resources */,
				0A4D4B6D16B0CAAF0036C440 /* comments_gradient_bottom.png in Resources */,
				0A4D4B6E16B0CAAF0036C440 /* comments_gradient_bottom@2x.png in Resources */,
				0A4D4B6F16B0CAAF0036C440 /* comments_gradient_top.png in Resources */,
				0A4D4B7016B0CAAF0036C440 /* comments_gradient_top@2x.png in Resources */,
				0A9A8EE516B0F83500D85655 /* outline_button_bg.png in Resources */,
				0A9A8EE616B0F83500D85655 /* outline_button_bg@2x.png in Resources */,
				0A9A8EE916B103C500D85655 /* TRCommentCell.xib in Resources */,
				0A26060916BBBE32009EF224 /* TRFeedbackViewController.xib in Resources */,
				0A26061016BBD5AD009EF224 /* nux_streams.png in Resources */,
				0A26061116BBD5AD009EF224 /* nux_streams@2x.png in Resources */,
				0A26061416BBDC6D009EF224 /* streamcell_selected.png in Resources */,
				0A26061516BBDC6D009EF224 /* streamcell_selected@2x.png in Resources */,
				0A26061816BBE1DC009EF224 /* participantsCellBG_selected.png in Resources */,
				0A26061916BBE1DC009EF224 /* participantsCellBG_selected@2x.png in Resources */,
			);
			runOnlyForDeploymentPostprocessing = 0;
		};
/* End PBXResourcesBuildPhase section */

/* Begin PBXSourcesBuildPhase section */
		0A3890CB1664AFC7002E8BC1 /* Sources */ = {
			isa = PBXSourcesBuildPhase;
			buildActionMask = 2147483647;
			files = (
				0ADF45861664B15100E0C0FA /* main.m in Sources */,
				0ADF45891664B15C00E0C0FA /* TRAppDelegate.m in Sources */,
				0AB19B571678141F0036E2BC /* TRSplashViewController.m in Sources */,
				0A510AF616784B9F00E2012F /* TRLoginViewController.m in Sources */,
				0A4C6C84167924EA002DD362 /* TRTableViewCell.m in Sources */,
				0A4C6C8C167929D3002DD362 /* TRTextFieldCell.m in Sources */,
				0A4C6C90167930B3002DD362 /* TRSignupViewController.m in Sources */,
				0A4C6CAF16794C59002DD362 /* TRStreamViewController.m in Sources */,
				0A4C6CB5167952E9002DD362 /* TRStreamTableViewController.m in Sources */,
				0A4C6CBB1679559E002DD362 /* TRStreamCell.m in Sources */,
				0A4C6CC516796772002DD362 /* TRNetwork.m in Sources */,
				0A4C6CC8167971B7002DD362 /* TRGraph.m in Sources */,
				0A4C6CCB16797753002DD362 /* TRPhotoStream.m in Sources */,
				0A4C6CCE16798A04002DD362 /* TRPhoto.m in Sources */,
				0A4C6CD116798AAF002DD362 /* TRUser.m in Sources */,
				0A4C6CD41679CB2B002DD362 /* TRImageView.m in Sources */,
				0A4C6CD71679CB58002DD362 /* TRImage.m in Sources */,
				0A4C6CE61679E777002DD362 /* TRPhotoStreamViewController.m in Sources */,
				0AF7A1F6167B2D450040023D /* TRStreamGridViewCell.m in Sources */,
				0A45768B167D59B400848D8E /* TRPhotoViewController.m in Sources */,
				0A6276741682AE8900827101 /* TRStreamSetupViewController.m in Sources */,
				0A62767F1682BBC600827101 /* TRTokenField.m in Sources */,
				0A6ADB751687AE2F00A3C1AE /* TRParticipantsViewController.m in Sources */,
				0A6ADB7C1687B1A400A3C1AE /* TRParticipantCell.m in Sources */,
				0A3CEB5416884D9600305544 /* TRLikerListViewController.m in Sources */,
				0A4D4B6416B0C9C10036C440 /* TRCommentsViewController.m in Sources */,
				0A9A8EEC16B1052200D85655 /* TRCommentCell.m in Sources */,
				0A26060616BBBE0B009EF224 /* TRFeedbackViewController.m in Sources */,
			);
			runOnlyForDeploymentPostprocessing = 0;
		};
/* End PBXSourcesBuildPhase section */

/* Begin PBXVariantGroup section */
		0ADF45791664B14100E0C0FA /* InfoPlist.strings */ = {
			isa = PBXVariantGroup;
			children = (
				0ADF457A1664B14100E0C0FA /* en */,
			);
			name = InfoPlist.strings;
			sourceTree = "<group>";
		};
/* End PBXVariantGroup section */

/* Begin XCBuildConfiguration section */
		0A3890EB1664AFC7002E8BC1 /* Debug */ = {
			isa = XCBuildConfiguration;
			buildSettings = {
				ALWAYS_SEARCH_USER_PATHS = NO;
				CLANG_CXX_LANGUAGE_STANDARD = "gnu++0x";
				CLANG_CXX_LIBRARY = "libc++";
				CLANG_ENABLE_OBJC_ARC = YES;
				CLANG_WARN_EMPTY_BODY = YES;
				CLANG_WARN__DUPLICATE_METHOD_MATCH = YES;
				"CODE_SIGN_IDENTITY[sdk=iphoneos*]" = "iPhone Developer";
				COPY_PHASE_STRIP = NO;
				GCC_C_LANGUAGE_STANDARD = gnu99;
				GCC_DYNAMIC_NO_PIC = NO;
				GCC_OPTIMIZATION_LEVEL = 0;
				GCC_PREPROCESSOR_DEFINITIONS = (
					"DEBUG=1",
					"$(inherited)",
				);
				GCC_SYMBOLS_PRIVATE_EXTERN = NO;
				GCC_WARN_ABOUT_RETURN_TYPE = YES;
				GCC_WARN_UNINITIALIZED_AUTOS = YES;
				GCC_WARN_UNUSED_VARIABLE = YES;
				IPHONEOS_DEPLOYMENT_TARGET = 6.0;
				ONLY_ACTIVE_ARCH = YES;
				SDKROOT = iphoneos;
			};
			name = Debug;
		};
		0A3890EC1664AFC7002E8BC1 /* Release */ = {
			isa = XCBuildConfiguration;
			buildSettings = {
				ALWAYS_SEARCH_USER_PATHS = NO;
				CLANG_CXX_LANGUAGE_STANDARD = "gnu++0x";
				CLANG_CXX_LIBRARY = "libc++";
				CLANG_ENABLE_OBJC_ARC = YES;
				CLANG_WARN_EMPTY_BODY = YES;
				CLANG_WARN__DUPLICATE_METHOD_MATCH = YES;
				"CODE_SIGN_IDENTITY[sdk=iphoneos*]" = "iPhone Developer";
				COPY_PHASE_STRIP = YES;
				GCC_C_LANGUAGE_STANDARD = gnu99;
				GCC_WARN_ABOUT_RETURN_TYPE = YES;
				GCC_WARN_UNINITIALIZED_AUTOS = YES;
				GCC_WARN_UNUSED_VARIABLE = YES;
				IPHONEOS_DEPLOYMENT_TARGET = 6.0;
				OTHER_CFLAGS = "-DNS_BLOCK_ASSERTIONS=1";
				SDKROOT = iphoneos;
				VALIDATE_PRODUCT = YES;
			};
			name = Release;
		};
		0A3890EE1664AFC7002E8BC1 /* Debug */ = {
			isa = XCBuildConfiguration;
			buildSettings = {
				GCC_PRECOMPILE_PREFIX_HEADER = YES;
				GCC_PREFIX_HEADER = Stream/misc/Prefix.pch;
				INFOPLIST_FILE = "$(SRCROOT)/Stream/misc/Info.plist";
				IPHONEOS_DEPLOYMENT_TARGET = 6.0;
				LIBRARY_SEARCH_PATHS = (
					"$(inherited)",
					"\"$(SRCROOT)/Stream/misc\"",
				);
				PRODUCT_NAME = "$(TARGET_NAME)";
				TARGETED_DEVICE_FAMILY = 1;
				WRAPPER_EXTENSION = app;
			};
			name = Debug;
		};
		0A3890EF1664AFC7002E8BC1 /* Release */ = {
			isa = XCBuildConfiguration;
			buildSettings = {
				GCC_PRECOMPILE_PREFIX_HEADER = YES;
				GCC_PREFIX_HEADER = Stream/misc/Prefix.pch;
				INFOPLIST_FILE = "$(SRCROOT)/Stream/misc/Info.plist";
				IPHONEOS_DEPLOYMENT_TARGET = 6.0;
				LIBRARY_SEARCH_PATHS = (
					"$(inherited)",
					"\"$(SRCROOT)/Stream/misc\"",
				);
				PRODUCT_NAME = "$(TARGET_NAME)";
				TARGETED_DEVICE_FAMILY = 1;
				WRAPPER_EXTENSION = app;
			};
			name = Release;
		};
/* End XCBuildConfiguration section */

/* Begin XCConfigurationList section */
		0A3890C91664AFC7002E8BC1 /* Build configuration list for PBXProject "Stream" */ = {
			isa = XCConfigurationList;
			buildConfigurations = (
				0A3890EB1664AFC7002E8BC1 /* Debug */,
				0A3890EC1664AFC7002E8BC1 /* Release */,
			);
			defaultConfigurationIsVisible = 0;
			defaultConfigurationName = Release;
		};
		0A3890ED1664AFC7002E8BC1 /* Build configuration list for PBXNativeTarget "Stream" */ = {
			isa = XCConfigurationList;
			buildConfigurations = (
				0A3890EE1664AFC7002E8BC1 /* Debug */,
				0A3890EF1664AFC7002E8BC1 /* Release */,
			);
			defaultConfigurationIsVisible = 0;
			defaultConfigurationName = Release;
		};
/* End XCConfigurationList section */
	};
	rootObject = 0A3890C61664AFC7002E8BC1 /* Project object */;
}
